// !$*UTF8*$!
{
	archiveVersion = 1;
	classes = {
	};
	objectVersion = 46;
	objects = {

/* Begin PBXAggregateTarget section */
		FF8ABB15C9C542DA561766ED /* LV-Template - All */ = {
			isa = PBXAggregateTarget;
			buildConfigurationList = 8309CE923A78C8776B3007FC;
			buildPhases = (
			);
			dependencies = (
				0779DA7D1F1585BFADD57D1F,
				CEFF18A2CBFC5BC5894A3AEF,
				1D89C544DCE29D329EE59ABF,
				7C3CA45286ECA2418734A83B,
			);
			name = "LV-Template - All";
			productName = "LV-Template";
		};
/* End PBXAggregateTarget section */

/* Begin PBXBuildFile section */
		031F3CCFEA65E227394FC0A4 /* CoreAudioKit.framework */ = {isa = PBXBuildFile; fileRef = F104B8132A1DE61982848991; };
		035C45799903155210BEFA44 /* include_juce_dsp.mm */ = {isa = PBXBuildFile; fileRef = DDFCA06C74A75B581E9C10FF; };
		0AE327F79FE623CB6DC1CEB8 /* AudioUnit.framework */ = {isa = PBXBuildFile; fileRef = 7F67CB07581BCE768623F634; };
		16D9E57D41DE26DC832A9943 /* LV_PreToneComponent.cpp */ = {isa = PBXBuildFile; fileRef = 7643DEEB0311E81F9C087871; };
		1AA399A0E7AED8E4684C5DFA /* VST3 */ = {isa = PBXBuildFile; fileRef = 7DEBE1FB6BCCC6A38058AFE8; };
		1E4214C14BB2F87653B0A822 /* UI-SaveWindow.cpp */ = {isa = PBXBuildFile; fileRef = D2138438E78BB9BF6714868D; };
		2165CDB03CA45F80266B4513 /* include_juce_data_structures.mm */ = {isa = PBXBuildFile; fileRef = FE026A81A652B3238593B1C9; };
		22FFE80FBBD14936FA06F04E /* LV_SplitDistortion.cpp */ = {isa = PBXBuildFile; fileRef = 0A8FD887C0E56859CA442E60; };
		23C67697621A7481F5310FD1 /* UI-Constructor.cpp */ = {isa = PBXBuildFile; fileRef = AA43C4360A42188C7710C04F; };
		2AE46E4BAC3AF4574EBDE9D4 /* include_juce_audio_plugin_client_AU_2.mm */ = {isa = PBXBuildFile; fileRef = F9A474BF581E86093D0422EF; };
		2BEAE01F6AD22E17A6F06A74 /* PluginEditor.cpp */ = {isa = PBXBuildFile; fileRef = 9C025C1DBCF8FE051E81BD84; };
		2EC953E2F4BEF6BB94AAB6C8 /* StyleSheet.cpp */ = {isa = PBXBuildFile; fileRef = D42001A3C4925CCA050339FE; };
		3443FF7154ECE03A9B0CEDCF /* include_juce_audio_plugin_client_utils.cpp */ = {isa = PBXBuildFile; fileRef = C1C3CB5983702B4CE7B16B9D; };
		37E0C633B5C38C13E61E8209 /* AudioToolbox.framework */ = {isa = PBXBuildFile; fileRef = A531053764876C37C46BD1D7; };
		3C6A991719506DDD8D603FCA /* include_juce_events.mm */ = {isa = PBXBuildFile; fileRef = E585EB333BC63204E7732B84; };
		3E43ACAEBC80DC07AEEF0BD5 /* RecentFilesMenuTemplate.nib */ = {isa = PBXBuildFile; fileRef = 9871F8058E0246492696E5A1; };
		41182CA3D39334C6288CE469 /* LV_PostToneComponent.cpp */ = {isa = PBXBuildFile; fileRef = 294E0671AEDB39E0727A1FF8; };
		572348C6834C4754B3F1E75D /* LV_Clipper.cpp */ = {isa = PBXBuildFile; fileRef = 01FFA718A288CF6F8AA56F07; };
		57F28906FB296346A5348B43 /* include_juce_audio_plugin_client_Standalone.cpp */ = {isa = PBXBuildFile; fileRef = C3D9059767581FE1C776EDBF; };
		5DE62EC7DF272F1DBD9B9FF2 /* BinaryData2.cpp */ = {isa = PBXBuildFile; fileRef = F0D9A45385112144CD8A02AA; };
		5DEE46B3C2C4D16788E3733D /* WebKit.framework */ = {isa = PBXBuildFile; fileRef = F08098B562971676C6EA4208; };
		6BFA660DFC4ABD45D54EBA70 /* include_juce_audio_plugin_client_VST_utils.mm */ = {isa = PBXBuildFile; fileRef = 360A955123DA254917946A19; };
		734F31B002F6E6B4B2D21989 /* include_juce_audio_plugin_client_AU.r */ = {isa = PBXBuildFile; fileRef = 08AA68BA857F2CB6CD54FD27; };
		80A2A9FE3438CF2CB9AA716D /* include_juce_audio_formats.mm */ = {isa = PBXBuildFile; fileRef = 6B18FE1EA80B638070C23C18; };
		83B064C6BB7F97D17B32FE3B /* OversamplingMenu.cpp */ = {isa = PBXBuildFile; fileRef = DEA0D92A3ABA63ED0337AA9F; };
		863A653E0144E1530DE847B8 /* LV_ClipperComponent.cpp */ = {isa = PBXBuildFile; fileRef = 143142BBC0E28AD35D6BF85F; };
		8757EABD7B045289CD71776C /* Shared Code */ = {isa = PBXBuildFile; fileRef = 82E6B475F3810E37F44B1034; };
		8FF04CCFEF69A3E5C5284CC6 /* UI-Paint.cpp */ = {isa = PBXBuildFile; fileRef = 5C78E2E84FB68F103CBA5242; };
		900A025F261056FA86841208 /* LV_HeaderComponent.cpp */ = {isa = PBXBuildFile; fileRef = 3018CCC3D363DF333BEBC5FE; };
		91DBDB98D684A3D5A95B04D3 /* BinaryData4.cpp */ = {isa = PBXBuildFile; fileRef = 9323F10AAA4418CEB7B4A1AB; };
		965E51DFB0DCFBFA4A21895D /* include_juce_audio_plugin_client_AU_1.mm */ = {isa = PBXBuildFile; fileRef = D76B7D0CC6A6D7E67F546C4A; };
		9A5987CC83F7723AE5874E30 /* LV_SVFilter.cpp */ = {isa = PBXBuildFile; fileRef = 86ECF82AF4C0BD5A383BC00E; };
		A77E998F56794ED8A72ACF36 /* Standalone Plugin */ = {isa = PBXBuildFile; fileRef = C79D4DF9092D6964A00C3549; };
		A884F2E3B27ADD9890539DF6 /* PluginProcessor.cpp */ = {isa = PBXBuildFile; fileRef = 28E986E69A159BE55ED2468D; };
		A93305F73C4F2B12315B666E /* Carbon.framework */ = {isa = PBXBuildFile; fileRef = FC00BB7DECDF21EB3925FC7E; };
		ADFE7902372F387465DE7F76 /* UI-Resized.cpp */ = {isa = PBXBuildFile; fileRef = 0E14F1EF4BDFA71F1E8C01F6; };
		AEFC2D47AAAE892EE4FBB5F3 /* include_juce_audio_processors.mm */ = {isa = PBXBuildFile; fileRef = 7ED938D854A1D507E4B4DBE6; };
		B64B4710A7B487831093BD5B /* include_juce_core.mm */ = {isa = PBXBuildFile; fileRef = ED6B7BD226A5DD7E7C5B4AAC; };
		B9BDB00D2D2E59B6A7BAC18A /* include_juce_audio_plugin_client_VST3.cpp */ = {isa = PBXBuildFile; fileRef = 9DA12C80EF1A3333CCE7CF8B; };
		BD6C75CC1A1625BF4A4C1280 /* include_juce_audio_utils.mm */ = {isa = PBXBuildFile; fileRef = 62AE5D897E95104E27CA3961; };
		BF152315B2EAF55124F77D3E /* IOKit.framework */ = {isa = PBXBuildFile; fileRef = 51FFA81CA9FB544473A5DDD1; };
		BFB19C7D7614AEA3E13BE484 /* LV_Dynamics.cpp */ = {isa = PBXBuildFile; fileRef = DBED5FD856BD68B4EB453F66; };
		C5409BE106B71FB96E2614C0 /* CoreAudio.framework */ = {isa = PBXBuildFile; fileRef = C17E0C738B595FE04CB8DA4D; };
		C6F2CEE3C4D85810AA1735B0 /* Cocoa.framework */ = {isa = PBXBuildFile; fileRef = 335D9BC325C94CD0EA67CA6D; };
		C98811A3B9C08B47B3217B41 /* QuartzCore.framework */ = {isa = PBXBuildFile; fileRef = 17EA58043FAFA32721BFA93F; };
		CDD4A9E26364B94765C6BD76 /* include_juce_audio_devices.mm */ = {isa = PBXBuildFile; fileRef = DB9EC5266ACBC377B3F2FD5A; };
		D31B5AC8DBCF80CE14492479 /* CoreMIDI.framework */ = {isa = PBXBuildFile; fileRef = 447A10B9860ED526EBD9AA44; };
		D852275A35B78E040BFC9974 /* include_juce_gui_extra.mm */ = {isa = PBXBuildFile; fileRef = 9F6F2FB4D497605C107F5EF7; };
		D9AE4BA2D3AE0592C10A42E4 /* Accelerate.framework */ = {isa = PBXBuildFile; fileRef = 5EF40E3471BE4B32E3A6FA5B; };
		D9EE62A7618A94921227A806 /* LV_CircleMap.cpp */ = {isa = PBXBuildFile; fileRef = EC007E52C68518455AFC4F5F; };
		DA26B17D768CAD899665209E /* include_juce_graphics.mm */ = {isa = PBXBuildFile; fileRef = 2104ED79E1464B8061BDB685; };
		DA65119BCED3A3A4604FA583 /* BinaryData3.cpp */ = {isa = PBXBuildFile; fileRef = F5B6B7C78AC3BB805CC754D7; };
		E0954B8B96FD68C4A1C33FD1 /* LV_Window.cpp */ = {isa = PBXBuildFile; fileRef = A21272700AFAB0EAFC17067E; };
		E777D7C331C9D844F2F87379 /* BinaryData5.cpp */ = {isa = PBXBuildFile; fileRef = 505F3C1694B85D013AD236DE; };
		E887C3F4AAE2930788A71879 /* UI-InitWindow.cpp */ = {isa = PBXBuildFile; fileRef = F44CB987D5372629D80908F2; };
		EE6491472A18A75D624E7519 /* DiscRecording.framework */ = {isa = PBXBuildFile; fileRef = FBA42330B99A1FB6164A6170; };
		EEF6F7602C2A88D9E5C0E0A8 /* BinaryData.cpp */ = {isa = PBXBuildFile; fileRef = EA921E89B207FE6FE0F2C94C; };
		F0329F30459CDE6DF5F4B005 /* AU */ = {isa = PBXBuildFile; fileRef = 869A55F3B611103C2E4A55D7; };
		F245F657BE1B6CF1EC1EDA22 /* include_juce_gui_basics.mm */ = {isa = PBXBuildFile; fileRef = C289CFB2F381FD098F6B2E97; };
		F9BF9F67E9C157E3AAD401C2 /* include_juce_audio_basics.mm */ = {isa = PBXBuildFile; fileRef = 2070D621F2917CC740F9F8F5; };
		FA8EDEB78FB31032E3F92A86 /* Foundation.framework */ = {isa = PBXBuildFile; fileRef = 391EF4A7D9986FDD5DCC07E6; };
/* End PBXBuildFile section */

/* Begin PBXFileReference section */
		01FFA718A288CF6F8AA56F07 /* LV_Clipper.cpp */ /* LV_Clipper.cpp */ = {isa = PBXFileReference; lastKnownFileType = sourcecode.cpp.cpp; name = LV_Clipper.cpp; path = ../../Source/DSP/LV_Clipper.cpp; sourceTree = SOURCE_ROOT; };
		08AA68BA857F2CB6CD54FD27 /* include_juce_audio_plugin_client_AU.r */ /* include_juce_audio_plugin_client_AU.r */ = {isa = PBXFileReference; lastKnownFileType = file.r; name = include_juce_audio_plugin_client_AU.r; path = ../../JuceLibraryCode/include_juce_audio_plugin_client_AU.r; sourceTree = SOURCE_ROOT; };
		0A0804B8E8FA67F13F15F65D /* PluginEditor.h */ /* PluginEditor.h */ = {isa = PBXFileReference; lastKnownFileType = sourcecode.c.h; name = PluginEditor.h; path = ../../Source/PluginEditor.h; sourceTree = SOURCE_ROOT; };
		0A8FD887C0E56859CA442E60 /* LV_SplitDistortion.cpp */ /* LV_SplitDistortion.cpp */ = {isa = PBXFileReference; lastKnownFileType = sourcecode.cpp.cpp; name = LV_SplitDistortion.cpp; path = ../../Source/DSP/LV_SplitDistortion.cpp; sourceTree = SOURCE_ROOT; };
		0E14F1EF4BDFA71F1E8C01F6 /* UI-Resized.cpp */ /* UI-Resized.cpp */ = {isa = PBXFileReference; lastKnownFileType = sourcecode.cpp.cpp; name = "UI-Resized.cpp"; path = "../../Source/UI-Methods/UI-Resized.cpp"; sourceTree = SOURCE_ROOT; };
		0F0FA511B41CDA7A755126F9 /* juce_audio_utils */ /* juce_audio_utils */ = {isa = PBXFileReference; lastKnownFileType = folder; name = juce_audio_utils; path = /Users/land00m/Documents/GitHub/JUCE/modules/juce_audio_utils; sourceTree = "<absolute>"; };
		143142BBC0E28AD35D6BF85F /* LV_ClipperComponent.cpp */ /* LV_ClipperComponent.cpp */ = {isa = PBXFileReference; lastKnownFileType = sourcecode.cpp.cpp; name = LV_ClipperComponent.cpp; path = "../../Source/UI-Components/LV_ClipperComponent.cpp"; sourceTree = SOURCE_ROOT; };
		17EA58043FAFA32721BFA93F /* QuartzCore.framework */ /* QuartzCore.framework */ = {isa = PBXFileReference; lastKnownFileType = wrapper.framework; name = QuartzCore.framework; path = System/Library/Frameworks/QuartzCore.framework; sourceTree = SDKROOT; };
		1A1DA2C633A205CC5E059B49 /* juce_gui_basics */ /* juce_gui_basics */ = {isa = PBXFileReference; lastKnownFileType = folder; name = juce_gui_basics; path = /Users/land00m/Documents/GitHub/JUCE/modules/juce_gui_basics; sourceTree = "<absolute>"; };
		1E65DFD85C2DED764C357A28 /* juce_gui_extra */ /* juce_gui_extra */ = {isa = PBXFileReference; lastKnownFileType = folder; name = juce_gui_extra; path = /Users/land00m/Documents/GitHub/JUCE/modules/juce_gui_extra; sourceTree = "<absolute>"; };
		1E93D3DE4B5F4F79419A85D9 /* juce_graphics */ /* juce_graphics */ = {isa = PBXFileReference; lastKnownFileType = folder; name = juce_graphics; path = /Users/land00m/Documents/GitHub/JUCE/modules/juce_graphics; sourceTree = "<absolute>"; };
		2070D621F2917CC740F9F8F5 /* include_juce_audio_basics.mm */ /* include_juce_audio_basics.mm */ = {isa = PBXFileReference; lastKnownFileType = sourcecode.cpp.objcpp; name = include_juce_audio_basics.mm; path = ../../JuceLibraryCode/include_juce_audio_basics.mm; sourceTree = SOURCE_ROOT; };
		2104ED79E1464B8061BDB685 /* include_juce_graphics.mm */ /* include_juce_graphics.mm */ = {isa = PBXFileReference; lastKnownFileType = sourcecode.cpp.objcpp; name = include_juce_graphics.mm; path = ../../JuceLibraryCode/include_juce_graphics.mm; sourceTree = SOURCE_ROOT; };
		2540F9B45042BB1BC7E6EBD3 /* LV_SVFilter.h */ /* LV_SVFilter.h */ = {isa = PBXFileReference; lastKnownFileType = sourcecode.c.h; name = LV_SVFilter.h; path = ../../Source/DSP/LV_SVFilter.h; sourceTree = SOURCE_ROOT; };
		25B34D21366CE3AD2C4CCC08 /* LV_CircleMap.h */ /* LV_CircleMap.h */ = {isa = PBXFileReference; lastKnownFileType = sourcecode.c.h; name = LV_CircleMap.h; path = ../../Source/DSP/LV_CircleMap.h; sourceTree = SOURCE_ROOT; };
		289EB6D679855C64022D1CA0 /* Info-VST3.plist */ /* Info-VST3.plist */ = {isa = PBXFileReference; lastKnownFileType = text.plist.xml; name = "Info-VST3.plist"; path = "Info-VST3.plist"; sourceTree = SOURCE_ROOT; };
		28E986E69A159BE55ED2468D /* PluginProcessor.cpp */ /* PluginProcessor.cpp */ = {isa = PBXFileReference; lastKnownFileType = sourcecode.cpp.cpp; name = PluginProcessor.cpp; path = ../../Source/PluginProcessor.cpp; sourceTree = SOURCE_ROOT; };
		294E0671AEDB39E0727A1FF8 /* LV_PostToneComponent.cpp */ /* LV_PostToneComponent.cpp */ = {isa = PBXFileReference; lastKnownFileType = sourcecode.cpp.cpp; name = LV_PostToneComponent.cpp; path = "../../Source/UI-Components/LV_PostToneComponent.cpp"; sourceTree = SOURCE_ROOT; };
		2A61F486AD04E57693B9EC2E /* JuceHeader.h */ /* JuceHeader.h */ = {isa = PBXFileReference; lastKnownFileType = sourcecode.c.h; name = JuceHeader.h; path = ../../JuceLibraryCode/JuceHeader.h; sourceTree = SOURCE_ROOT; };
		3018CCC3D363DF333BEBC5FE /* LV_HeaderComponent.cpp */ /* LV_HeaderComponent.cpp */ = {isa = PBXFileReference; lastKnownFileType = sourcecode.cpp.cpp; name = LV_HeaderComponent.cpp; path = "../../Source/UI-Components/LV_HeaderComponent.cpp"; sourceTree = SOURCE_ROOT; };
		3239A1CBB12E205778F911B4 /* LV_Clipper.h */ /* LV_Clipper.h */ = {isa = PBXFileReference; lastKnownFileType = sourcecode.c.h; name = LV_Clipper.h; path = ../../Source/DSP/LV_Clipper.h; sourceTree = SOURCE_ROOT; };
		335D9BC325C94CD0EA67CA6D /* Cocoa.framework */ /* Cocoa.framework */ = {isa = PBXFileReference; lastKnownFileType = wrapper.framework; name = Cocoa.framework; path = System/Library/Frameworks/Cocoa.framework; sourceTree = SDKROOT; };
		360A955123DA254917946A19 /* include_juce_audio_plugin_client_VST_utils.mm */ /* include_juce_audio_plugin_client_VST_utils.mm */ = {isa = PBXFileReference; lastKnownFileType = sourcecode.cpp.objcpp; name = include_juce_audio_plugin_client_VST_utils.mm; path = ../../JuceLibraryCode/include_juce_audio_plugin_client_VST_utils.mm; sourceTree = SOURCE_ROOT; };
		3663556B3DF68B7351180894 /* LV_ClipperComponent.h */ /* LV_ClipperComponent.h */ = {isa = PBXFileReference; lastKnownFileType = sourcecode.c.h; name = LV_ClipperComponent.h; path = "../../Source/UI-Components/LV_ClipperComponent.h"; sourceTree = SOURCE_ROOT; };
		37B299AAAF4C532B6CB488B6 /* LV_PostToneComponent.h */ /* LV_PostToneComponent.h */ = {isa = PBXFileReference; lastKnownFileType = sourcecode.c.h; name = LV_PostToneComponent.h; path = "../../Source/UI-Components/LV_PostToneComponent.h"; sourceTree = SOURCE_ROOT; };
		391EF4A7D9986FDD5DCC07E6 /* Foundation.framework */ /* Foundation.framework */ = {isa = PBXFileReference; lastKnownFileType = wrapper.framework; name = Foundation.framework; path = System/Library/Frameworks/Foundation.framework; sourceTree = SDKROOT; };
		3A94840F887A8FB1EE205A40 /* juce_audio_devices */ /* juce_audio_devices */ = {isa = PBXFileReference; lastKnownFileType = folder; name = juce_audio_devices; path = /Users/land00m/Documents/GitHub/JUCE/modules/juce_audio_devices; sourceTree = "<absolute>"; };
		410B9D81187141CA2F3D6347 /* juce_data_structures */ /* juce_data_structures */ = {isa = PBXFileReference; lastKnownFileType = folder; name = juce_data_structures; path = /Users/land00m/Documents/GitHub/JUCE/modules/juce_data_structures; sourceTree = "<absolute>"; };
		436E2DBA8254BA1EA4139528 /* WidgetIncludes.h */ /* WidgetIncludes.h */ = {isa = PBXFileReference; lastKnownFileType = sourcecode.c.h; name = WidgetIncludes.h; path = ../../Source/Widgets/WidgetIncludes.h; sourceTree = SOURCE_ROOT; };
		439751721B47E802DF656FD4 /* LV_HeaderComponent.h */ /* LV_HeaderComponent.h */ = {isa = PBXFileReference; lastKnownFileType = sourcecode.c.h; name = LV_HeaderComponent.h; path = "../../Source/UI-Components/LV_HeaderComponent.h"; sourceTree = SOURCE_ROOT; };
		447A10B9860ED526EBD9AA44 /* CoreMIDI.framework */ /* CoreMIDI.framework */ = {isa = PBXFileReference; lastKnownFileType = wrapper.framework; name = CoreMIDI.framework; path = System/Library/Frameworks/CoreMIDI.framework; sourceTree = SDKROOT; };
		46F43C07FC3B1EDF429FD069 /* LV_Dial.h */ /* LV_Dial.h */ = {isa = PBXFileReference; lastKnownFileType = sourcecode.c.h; name = LV_Dial.h; path = ../../Source/Widgets/LV_Dial.h; sourceTree = SOURCE_ROOT; };
		49A3CF2F7B9D6371371FF73A /* LV_Label.h */ /* LV_Label.h */ = {isa = PBXFileReference; lastKnownFileType = sourcecode.c.h; name = LV_Label.h; path = ../../Source/Widgets/LV_Label.h; sourceTree = SOURCE_ROOT; };
		4AF5E1C34FBC5F2BED290930 /* juce_audio_plugin_client */ /* juce_audio_plugin_client */ = {isa = PBXFileReference; lastKnownFileType = folder; name = juce_audio_plugin_client; path = /Users/land00m/Documents/GitHub/JUCE/modules/juce_audio_plugin_client; sourceTree = "<absolute>"; };
		4C8A9E89ED9F95438ED69144 /* LV_PushButton.h */ /* LV_PushButton.h */ = {isa = PBXFileReference; lastKnownFileType = sourcecode.c.h; name = LV_PushButton.h; path = ../../Source/Widgets/LV_PushButton.h; sourceTree = SOURCE_ROOT; };
		505F3C1694B85D013AD236DE /* BinaryData5.cpp */ /* BinaryData5.cpp */ = {isa = PBXFileReference; lastKnownFileType = sourcecode.cpp.cpp; name = BinaryData5.cpp; path = ../../JuceLibraryCode/BinaryData5.cpp; sourceTree = SOURCE_ROOT; };
		51FFA81CA9FB544473A5DDD1 /* IOKit.framework */ /* IOKit.framework */ = {isa = PBXFileReference; lastKnownFileType = wrapper.framework; name = IOKit.framework; path = System/Library/Frameworks/IOKit.framework; sourceTree = SDKROOT; };
		52C426CCB60B73EF838487AC /* dark_blue.png */ /* dark_blue.png */ = {isa = PBXFileReference; lastKnownFileType = image.png; name = dark_blue.png; path = ../../Source/Assets/dark_blue.png; sourceTree = SOURCE_ROOT; };
		5626BED659983E303E035599 /* LV_GroupComponent.h */ /* LV_GroupComponent.h */ = {isa = PBXFileReference; lastKnownFileType = sourcecode.c.h; name = LV_GroupComponent.h; path = ../../Source/Widgets/LV_GroupComponent.h; sourceTree = SOURCE_ROOT; };
		58FD49CF23FF1000D531768B /* PluginProcessor.h */ /* PluginProcessor.h */ = {isa = PBXFileReference; lastKnownFileType = sourcecode.c.h; name = PluginProcessor.h; path = ../../Source/PluginProcessor.h; sourceTree = SOURCE_ROOT; };
		5BC545B87929BB85648FE8CE /* LV_SplitDistortion.h */ /* LV_SplitDistortion.h */ = {isa = PBXFileReference; lastKnownFileType = sourcecode.c.h; name = LV_SplitDistortion.h; path = ../../Source/DSP/LV_SplitDistortion.h; sourceTree = SOURCE_ROOT; };
		5C78E2E84FB68F103CBA5242 /* UI-Paint.cpp */ /* UI-Paint.cpp */ = {isa = PBXFileReference; lastKnownFileType = sourcecode.cpp.cpp; name = "UI-Paint.cpp"; path = "../../Source/UI-Methods/UI-Paint.cpp"; sourceTree = SOURCE_ROOT; };
		5EF40E3471BE4B32E3A6FA5B /* Accelerate.framework */ /* Accelerate.framework */ = {isa = PBXFileReference; lastKnownFileType = wrapper.framework; name = Accelerate.framework; path = System/Library/Frameworks/Accelerate.framework; sourceTree = SDKROOT; };
		628FA451A6318B4BB55191B6 /* juce_audio_processors */ /* juce_audio_processors */ = {isa = PBXFileReference; lastKnownFileType = folder; name = juce_audio_processors; path = /Users/land00m/Documents/GitHub/JUCE/modules/juce_audio_processors; sourceTree = "<absolute>"; };
		62AE5D897E95104E27CA3961 /* include_juce_audio_utils.mm */ /* include_juce_audio_utils.mm */ = {isa = PBXFileReference; lastKnownFileType = sourcecode.cpp.objcpp; name = include_juce_audio_utils.mm; path = ../../JuceLibraryCode/include_juce_audio_utils.mm; sourceTree = SOURCE_ROOT; };
		642B427C21BAE836718E6C55 /* testTexture.png */ /* testTexture.png */ = {isa = PBXFileReference; lastKnownFileType = image.png; name = testTexture.png; path = ../../Source/Assets/testTexture.png; sourceTree = SOURCE_ROOT; };
		666F808D3D16A805E79A84CA /* juce_audio_formats */ /* juce_audio_formats */ = {isa = PBXFileReference; lastKnownFileType = folder; name = juce_audio_formats; path = /Users/land00m/Documents/GitHub/JUCE/modules/juce_audio_formats; sourceTree = "<absolute>"; };
		6B18FE1EA80B638070C23C18 /* include_juce_audio_formats.mm */ /* include_juce_audio_formats.mm */ = {isa = PBXFileReference; lastKnownFileType = sourcecode.cpp.objcpp; name = include_juce_audio_formats.mm; path = ../../JuceLibraryCode/include_juce_audio_formats.mm; sourceTree = SOURCE_ROOT; };
		737CB965BA38A4E8BBF2029D /* StyleSheet.h */ /* StyleSheet.h */ = {isa = PBXFileReference; lastKnownFileType = sourcecode.c.h; name = StyleSheet.h; path = ../../Source/Widgets/StyleSheet.h; sourceTree = SOURCE_ROOT; };
		7643DEEB0311E81F9C087871 /* LV_PreToneComponent.cpp */ /* LV_PreToneComponent.cpp */ = {isa = PBXFileReference; lastKnownFileType = sourcecode.cpp.cpp; name = LV_PreToneComponent.cpp; path = "../../Source/UI-Components/LV_PreToneComponent.cpp"; sourceTree = SOURCE_ROOT; };
		794CC0D5CF0D76C03DEDAFD7 /* pluginBackground2.png */ /* pluginBackground2.png */ = {isa = PBXFileReference; lastKnownFileType = image.png; name = pluginBackground2.png; path = ../../Source/Assets/pluginBackground2.png; sourceTree = SOURCE_ROOT; };
		7DEBE1FB6BCCC6A38058AFE8 /* VST3 */ = {isa = PBXFileReference; explicitFileType = wrapper.cfbundle; includeInIndex = 0; path = "LV-Template.vst3"; sourceTree = BUILT_PRODUCTS_DIR; };
		7ED938D854A1D507E4B4DBE6 /* include_juce_audio_processors.mm */ /* include_juce_audio_processors.mm */ = {isa = PBXFileReference; lastKnownFileType = sourcecode.cpp.objcpp; name = include_juce_audio_processors.mm; path = ../../JuceLibraryCode/include_juce_audio_processors.mm; sourceTree = SOURCE_ROOT; };
		7F67CB07581BCE768623F634 /* AudioUnit.framework */ /* AudioUnit.framework */ = {isa = PBXFileReference; lastKnownFileType = wrapper.framework; name = AudioUnit.framework; path = System/Library/Frameworks/AudioUnit.framework; sourceTree = SDKROOT; };
		82E6B475F3810E37F44B1034 /* Shared Code */ = {isa = PBXFileReference; explicitFileType = archive.ar; includeInIndex = 0; path = "libLV-Template.a"; sourceTree = BUILT_PRODUCTS_DIR; };
		869A55F3B611103C2E4A55D7 /* AU */ = {isa = PBXFileReference; explicitFileType = wrapper.cfbundle; includeInIndex = 0; path = "LV-Template.component"; sourceTree = BUILT_PRODUCTS_DIR; };
		86ECF82AF4C0BD5A383BC00E /* LV_SVFilter.cpp */ /* LV_SVFilter.cpp */ = {isa = PBXFileReference; lastKnownFileType = sourcecode.cpp.cpp; name = LV_SVFilter.cpp; path = ../../Source/DSP/LV_SVFilter.cpp; sourceTree = SOURCE_ROOT; };
		902AF4761A71ABCEF658BB7D /* LV_Window.h */ /* LV_Window.h */ = {isa = PBXFileReference; lastKnownFileType = sourcecode.c.h; name = LV_Window.h; path = "../../Source/UI-Components/LV_Window.h"; sourceTree = SOURCE_ROOT; };
		9146147714A34AFF938C2A30 /* LV_Menu.h */ /* LV_Menu.h */ = {isa = PBXFileReference; lastKnownFileType = sourcecode.c.h; name = LV_Menu.h; path = ../../Source/Widgets/LV_Menu.h; sourceTree = SOURCE_ROOT; };
		915B91D3B43AE0E99FC5B54E /* juce_dsp */ /* juce_dsp */ = {isa = PBXFileReference; lastKnownFileType = folder; name = juce_dsp; path = /Users/land00m/Documents/GitHub/JUCE/modules/juce_dsp; sourceTree = "<absolute>"; };
		92E154961A09AB6D03C36B26 /* TEXTURE5.png */ /* TEXTURE5.png */ = {isa = PBXFileReference; lastKnownFileType = image.png; name = TEXTURE5.png; path = ../../Source/Assets/TEXTURE5.png; sourceTree = SOURCE_ROOT; };
		9323F10AAA4418CEB7B4A1AB /* BinaryData4.cpp */ /* BinaryData4.cpp */ = {isa = PBXFileReference; lastKnownFileType = sourcecode.cpp.cpp; name = BinaryData4.cpp; path = ../../JuceLibraryCode/BinaryData4.cpp; sourceTree = SOURCE_ROOT; };
		9871F8058E0246492696E5A1 /* RecentFilesMenuTemplate.nib */ /* RecentFilesMenuTemplate.nib */ = {isa = PBXFileReference; lastKnownFileType = file.nib; name = RecentFilesMenuTemplate.nib; path = RecentFilesMenuTemplate.nib; sourceTree = SOURCE_ROOT; };
		996863505E9FED5B8A66FE58 /* juce_events */ /* juce_events */ = {isa = PBXFileReference; lastKnownFileType = folder; name = juce_events; path = /Users/land00m/Documents/GitHub/JUCE/modules/juce_events; sourceTree = "<absolute>"; };
		9C025C1DBCF8FE051E81BD84 /* PluginEditor.cpp */ /* PluginEditor.cpp */ = {isa = PBXFileReference; lastKnownFileType = sourcecode.cpp.cpp; name = PluginEditor.cpp; path = ../../Source/PluginEditor.cpp; sourceTree = SOURCE_ROOT; };
		9DA12C80EF1A3333CCE7CF8B /* include_juce_audio_plugin_client_VST3.cpp */ /* include_juce_audio_plugin_client_VST3.cpp */ = {isa = PBXFileReference; lastKnownFileType = sourcecode.cpp.cpp; name = include_juce_audio_plugin_client_VST3.cpp; path = ../../JuceLibraryCode/include_juce_audio_plugin_client_VST3.cpp; sourceTree = SOURCE_ROOT; };
		9F6F2FB4D497605C107F5EF7 /* include_juce_gui_extra.mm */ /* include_juce_gui_extra.mm */ = {isa = PBXFileReference; lastKnownFileType = sourcecode.cpp.objcpp; name = include_juce_gui_extra.mm; path = ../../JuceLibraryCode/include_juce_gui_extra.mm; sourceTree = SOURCE_ROOT; };
		A21272700AFAB0EAFC17067E /* LV_Window.cpp */ /* LV_Window.cpp */ = {isa = PBXFileReference; lastKnownFileType = sourcecode.cpp.cpp; name = LV_Window.cpp; path = "../../Source/UI-Components/LV_Window.cpp"; sourceTree = SOURCE_ROOT; };
		A21D980FAD89F846D9D0A6AD /* juce_core */ /* juce_core */ = {isa = PBXFileReference; lastKnownFileType = folder; name = juce_core; path = /Users/land00m/Documents/GitHub/JUCE/modules/juce_core; sourceTree = "<absolute>"; };
		A531053764876C37C46BD1D7 /* AudioToolbox.framework */ /* AudioToolbox.framework */ = {isa = PBXFileReference; lastKnownFileType = wrapper.framework; name = AudioToolbox.framework; path = System/Library/Frameworks/AudioToolbox.framework; sourceTree = SDKROOT; };
		A84874C48845C6428BEDCE01 /* LV_Toggle.h */ /* LV_Toggle.h */ = {isa = PBXFileReference; lastKnownFileType = sourcecode.c.h; name = LV_Toggle.h; path = ../../Source/Widgets/LV_Toggle.h; sourceTree = SOURCE_ROOT; };
		AA43C4360A42188C7710C04F /* UI-Constructor.cpp */ /* UI-Constructor.cpp */ = {isa = PBXFileReference; lastKnownFileType = sourcecode.cpp.cpp; name = "UI-Constructor.cpp"; path = "../../Source/UI-Methods/UI-Constructor.cpp"; sourceTree = SOURCE_ROOT; };
		AD57F308019926E133165777 /* LV_Dynamics.h */ /* LV_Dynamics.h */ = {isa = PBXFileReference; lastKnownFileType = sourcecode.c.h; name = LV_Dynamics.h; path = ../../Source/DSP/LV_Dynamics.h; sourceTree = SOURCE_ROOT; };
		AF5C43972551C83297EACF1A /* ParamDefs.h */ /* ParamDefs.h */ = {isa = PBXFileReference; lastKnownFileType = sourcecode.c.h; name = ParamDefs.h; path = ../../Source/Parameters/ParamDefs.h; sourceTree = SOURCE_ROOT; };
		AF9E5A9ED2C53C36697B2E8A /* oscilloscope-01.png */ /* oscilloscope-01.png */ = {isa = PBXFileReference; lastKnownFileType = image.png; name = "oscilloscope-01.png"; path = "../../Source/Assets/oscilloscope-01.png"; sourceTree = SOURCE_ROOT; };
		BB83F40FCC54BB482FF4D390 /* juce_audio_basics */ /* juce_audio_basics */ = {isa = PBXFileReference; lastKnownFileType = folder; name = juce_audio_basics; path = /Users/land00m/Documents/GitHub/JUCE/modules/juce_audio_basics; sourceTree = "<absolute>"; };
		C17E0C738B595FE04CB8DA4D /* CoreAudio.framework */ /* CoreAudio.framework */ = {isa = PBXFileReference; lastKnownFileType = wrapper.framework; name = CoreAudio.framework; path = System/Library/Frameworks/CoreAudio.framework; sourceTree = SDKROOT; };
		C1C3CB5983702B4CE7B16B9D /* include_juce_audio_plugin_client_utils.cpp */ /* include_juce_audio_plugin_client_utils.cpp */ = {isa = PBXFileReference; lastKnownFileType = sourcecode.cpp.cpp; name = include_juce_audio_plugin_client_utils.cpp; path = ../../JuceLibraryCode/include_juce_audio_plugin_client_utils.cpp; sourceTree = SOURCE_ROOT; };
		C289CFB2F381FD098F6B2E97 /* include_juce_gui_basics.mm */ /* include_juce_gui_basics.mm */ = {isa = PBXFileReference; lastKnownFileType = sourcecode.cpp.objcpp; name = include_juce_gui_basics.mm; path = ../../JuceLibraryCode/include_juce_gui_basics.mm; sourceTree = SOURCE_ROOT; };
		C3683ABA288AA375E57EE4F0 /* LV_Fader.h */ /* LV_Fader.h */ = {isa = PBXFileReference; lastKnownFileType = sourcecode.c.h; name = LV_Fader.h; path = ../../Source/Widgets/LV_Fader.h; sourceTree = SOURCE_ROOT; };
		C3D9059767581FE1C776EDBF /* include_juce_audio_plugin_client_Standalone.cpp */ /* include_juce_audio_plugin_client_Standalone.cpp */ = {isa = PBXFileReference; lastKnownFileType = sourcecode.cpp.cpp; name = include_juce_audio_plugin_client_Standalone.cpp; path = ../../JuceLibraryCode/include_juce_audio_plugin_client_Standalone.cpp; sourceTree = SOURCE_ROOT; };
		C79D4DF9092D6964A00C3549 /* Standalone Plugin */ = {isa = PBXFileReference; explicitFileType = wrapper.application; includeInIndex = 0; path = "LV-Template.app"; sourceTree = BUILT_PRODUCTS_DIR; };
		C93AEEECAB4D75BF2DB89177 /* landon55-03.png */ /* landon55-03.png */ = {isa = PBXFileReference; lastKnownFileType = image.png; name = "landon55-03.png"; path = "../../Source/Assets/landon55-03.png"; sourceTree = SOURCE_ROOT; };
		CABD6961D87A350F24F7D22B /* Info-Standalone_Plugin.plist */ /* Info-Standalone_Plugin.plist */ = {isa = PBXFileReference; lastKnownFileType = text.plist.xml; name = "Info-Standalone_Plugin.plist"; path = "Info-Standalone_Plugin.plist"; sourceTree = SOURCE_ROOT; };
		D2138438E78BB9BF6714868D /* UI-SaveWindow.cpp */ /* UI-SaveWindow.cpp */ = {isa = PBXFileReference; lastKnownFileType = sourcecode.cpp.cpp; name = "UI-SaveWindow.cpp"; path = "../../Source/UI-Methods/UI-SaveWindow.cpp"; sourceTree = SOURCE_ROOT; };
		D42001A3C4925CCA050339FE /* StyleSheet.cpp */ /* StyleSheet.cpp */ = {isa = PBXFileReference; lastKnownFileType = sourcecode.cpp.cpp; name = StyleSheet.cpp; path = ../../Source/Widgets/StyleSheet.cpp; sourceTree = SOURCE_ROOT; };
		D76B7D0CC6A6D7E67F546C4A /* include_juce_audio_plugin_client_AU_1.mm */ /* include_juce_audio_plugin_client_AU_1.mm */ = {isa = PBXFileReference; lastKnownFileType = sourcecode.cpp.objcpp; name = include_juce_audio_plugin_client_AU_1.mm; path = ../../JuceLibraryCode/include_juce_audio_plugin_client_AU_1.mm; sourceTree = SOURCE_ROOT; };
		D8BBC156CF6FBA3CF4C14BDA /* LV_PreToneComponent.h */ /* LV_PreToneComponent.h */ = {isa = PBXFileReference; lastKnownFileType = sourcecode.c.h; name = LV_PreToneComponent.h; path = "../../Source/UI-Components/LV_PreToneComponent.h"; sourceTree = SOURCE_ROOT; };
		DB9EC5266ACBC377B3F2FD5A /* include_juce_audio_devices.mm */ /* include_juce_audio_devices.mm */ = {isa = PBXFileReference; lastKnownFileType = sourcecode.cpp.objcpp; name = include_juce_audio_devices.mm; path = ../../JuceLibraryCode/include_juce_audio_devices.mm; sourceTree = SOURCE_ROOT; };
		DBED5FD856BD68B4EB453F66 /* LV_Dynamics.cpp */ /* LV_Dynamics.cpp */ = {isa = PBXFileReference; lastKnownFileType = sourcecode.cpp.cpp; name = LV_Dynamics.cpp; path = ../../Source/DSP/LV_Dynamics.cpp; sourceTree = SOURCE_ROOT; };
		DD18FC529BC14E1FCC24DE9E /* BinaryData.h */ /* BinaryData.h */ = {isa = PBXFileReference; lastKnownFileType = sourcecode.c.h; name = BinaryData.h; path = ../../JuceLibraryCode/BinaryData.h; sourceTree = SOURCE_ROOT; };
		DDFCA06C74A75B581E9C10FF /* include_juce_dsp.mm */ /* include_juce_dsp.mm */ = {isa = PBXFileReference; lastKnownFileType = sourcecode.cpp.objcpp; name = include_juce_dsp.mm; path = ../../JuceLibraryCode/include_juce_dsp.mm; sourceTree = SOURCE_ROOT; };
		DEA0D92A3ABA63ED0337AA9F /* OversamplingMenu.cpp */ /* OversamplingMenu.cpp */ = {isa = PBXFileReference; lastKnownFileType = sourcecode.cpp.cpp; name = OversamplingMenu.cpp; path = "../../Source/UI-Methods/OversamplingMenu.cpp"; sourceTree = SOURCE_ROOT; };
		DF052022A266802F48CCEDC1 /* landon55-04.png */ /* landon55-04.png */ = {isa = PBXFileReference; lastKnownFileType = image.png; name = "landon55-04.png"; path = "../../Source/Assets/landon55-04.png"; sourceTree = SOURCE_ROOT; };
		E585EB333BC63204E7732B84 /* include_juce_events.mm */ /* include_juce_events.mm */ = {isa = PBXFileReference; lastKnownFileType = sourcecode.cpp.objcpp; name = include_juce_events.mm; path = ../../JuceLibraryCode/include_juce_events.mm; sourceTree = SOURCE_ROOT; };
		EA921E89B207FE6FE0F2C94C /* BinaryData.cpp */ /* BinaryData.cpp */ = {isa = PBXFileReference; lastKnownFileType = sourcecode.cpp.cpp; name = BinaryData.cpp; path = ../../JuceLibraryCode/BinaryData.cpp; sourceTree = SOURCE_ROOT; };
		EC007E52C68518455AFC4F5F /* LV_CircleMap.cpp */ /* LV_CircleMap.cpp */ = {isa = PBXFileReference; lastKnownFileType = sourcecode.cpp.cpp; name = LV_CircleMap.cpp; path = ../../Source/DSP/LV_CircleMap.cpp; sourceTree = SOURCE_ROOT; };
		ED6B7BD226A5DD7E7C5B4AAC /* include_juce_core.mm */ /* include_juce_core.mm */ = {isa = PBXFileReference; lastKnownFileType = sourcecode.cpp.objcpp; name = include_juce_core.mm; path = ../../JuceLibraryCode/include_juce_core.mm; sourceTree = SOURCE_ROOT; };
		EF21DA119E01424A765F00F3 /* JucePluginDefines.h */ /* JucePluginDefines.h */ = {isa = PBXFileReference; lastKnownFileType = sourcecode.c.h; name = JucePluginDefines.h; path = ../../JuceLibraryCode/JucePluginDefines.h; sourceTree = SOURCE_ROOT; };
		F08098B562971676C6EA4208 /* WebKit.framework */ /* WebKit.framework */ = {isa = PBXFileReference; lastKnownFileType = wrapper.framework; name = WebKit.framework; path = System/Library/Frameworks/WebKit.framework; sourceTree = SDKROOT; };
		F0D9A45385112144CD8A02AA /* BinaryData2.cpp */ /* BinaryData2.cpp */ = {isa = PBXFileReference; lastKnownFileType = sourcecode.cpp.cpp; name = BinaryData2.cpp; path = ../../JuceLibraryCode/BinaryData2.cpp; sourceTree = SOURCE_ROOT; };
		F104B8132A1DE61982848991 /* CoreAudioKit.framework */ /* CoreAudioKit.framework */ = {isa = PBXFileReference; lastKnownFileType = wrapper.framework; name = CoreAudioKit.framework; path = System/Library/Frameworks/CoreAudioKit.framework; sourceTree = SDKROOT; };
		F44CB987D5372629D80908F2 /* UI-InitWindow.cpp */ /* UI-InitWindow.cpp */ = {isa = PBXFileReference; lastKnownFileType = sourcecode.cpp.cpp; name = "UI-InitWindow.cpp"; path = "../../Source/UI-Methods/UI-InitWindow.cpp"; sourceTree = SOURCE_ROOT; };
		F5B6B7C78AC3BB805CC754D7 /* BinaryData3.cpp */ /* BinaryData3.cpp */ = {isa = PBXFileReference; lastKnownFileType = sourcecode.cpp.cpp; name = BinaryData3.cpp; path = ../../JuceLibraryCode/BinaryData3.cpp; sourceTree = SOURCE_ROOT; };
		F9A474BF581E86093D0422EF /* include_juce_audio_plugin_client_AU_2.mm */ /* include_juce_audio_plugin_client_AU_2.mm */ = {isa = PBXFileReference; lastKnownFileType = sourcecode.cpp.objcpp; name = include_juce_audio_plugin_client_AU_2.mm; path = ../../JuceLibraryCode/include_juce_audio_plugin_client_AU_2.mm; sourceTree = SOURCE_ROOT; };
		FA7A61A85CEE27AF2121B820 /* pluginBackground.png */ /* pluginBackground.png */ = {isa = PBXFileReference; lastKnownFileType = image.png; name = pluginBackground.png; path = ../../Source/Assets/pluginBackground.png; sourceTree = SOURCE_ROOT; };
		FBA42330B99A1FB6164A6170 /* DiscRecording.framework */ /* DiscRecording.framework */ = {isa = PBXFileReference; lastKnownFileType = wrapper.framework; name = DiscRecording.framework; path = System/Library/Frameworks/DiscRecording.framework; sourceTree = SDKROOT; };
		FC00BB7DECDF21EB3925FC7E /* Carbon.framework */ /* Carbon.framework */ = {isa = PBXFileReference; lastKnownFileType = wrapper.framework; name = Carbon.framework; path = System/Library/Frameworks/Carbon.framework; sourceTree = SDKROOT; };
		FE026A81A652B3238593B1C9 /* include_juce_data_structures.mm */ /* include_juce_data_structures.mm */ = {isa = PBXFileReference; lastKnownFileType = sourcecode.cpp.objcpp; name = include_juce_data_structures.mm; path = ../../JuceLibraryCode/include_juce_data_structures.mm; sourceTree = SOURCE_ROOT; };
		FFEE0F731587767F3E9D6FEE /* Info-AU.plist */ /* Info-AU.plist */ = {isa = PBXFileReference; lastKnownFileType = text.plist.xml; name = "Info-AU.plist"; path = "Info-AU.plist"; sourceTree = SOURCE_ROOT; };
/* End PBXFileReference section */

/* Begin PBXFrameworksBuildPhase section */
		632A520C6E7978F0558AAD25 = {
			isa = PBXFrameworksBuildPhase;
			buildActionMask = 2147483647;
			files = (
				D9AE4BA2D3AE0592C10A42E4,
				37E0C633B5C38C13E61E8209,
				A93305F73C4F2B12315B666E,
				C6F2CEE3C4D85810AA1735B0,
				C5409BE106B71FB96E2614C0,
				031F3CCFEA65E227394FC0A4,
				D31B5AC8DBCF80CE14492479,
				EE6491472A18A75D624E7519,
				FA8EDEB78FB31032E3F92A86,
				BF152315B2EAF55124F77D3E,
				C98811A3B9C08B47B3217B41,
				5DEE46B3C2C4D16788E3733D,
			);
			runOnlyForDeploymentPostprocessing = 0;
		};
		8B2CB0EBAD1D565D84854F60 = {
			isa = PBXFrameworksBuildPhase;
			buildActionMask = 2147483647;
			files = (
				D9AE4BA2D3AE0592C10A42E4,
				37E0C633B5C38C13E61E8209,
				A93305F73C4F2B12315B666E,
				C6F2CEE3C4D85810AA1735B0,
				C5409BE106B71FB96E2614C0,
				031F3CCFEA65E227394FC0A4,
				D31B5AC8DBCF80CE14492479,
				EE6491472A18A75D624E7519,
				FA8EDEB78FB31032E3F92A86,
				BF152315B2EAF55124F77D3E,
				C98811A3B9C08B47B3217B41,
				5DEE46B3C2C4D16788E3733D,
			);
			runOnlyForDeploymentPostprocessing = 0;
		};
		DD3BBAA30C74892CB743EF62 = {
			isa = PBXFrameworksBuildPhase;
			buildActionMask = 2147483647;
			files = (
				0AE327F79FE623CB6DC1CEB8,
				D9AE4BA2D3AE0592C10A42E4,
				37E0C633B5C38C13E61E8209,
				A93305F73C4F2B12315B666E,
				C6F2CEE3C4D85810AA1735B0,
				C5409BE106B71FB96E2614C0,
				031F3CCFEA65E227394FC0A4,
				D31B5AC8DBCF80CE14492479,
				EE6491472A18A75D624E7519,
				FA8EDEB78FB31032E3F92A86,
				BF152315B2EAF55124F77D3E,
				C98811A3B9C08B47B3217B41,
				5DEE46B3C2C4D16788E3733D,
			);
			runOnlyForDeploymentPostprocessing = 0;
		};
/* End PBXFrameworksBuildPhase section */

/* Begin PBXGroup section */
		026BFA6DB320371E1EDB3B09 /* Parameters */ = {
			isa = PBXGroup;
			children = (
				AF5C43972551C83297EACF1A,
			);
			name = Parameters;
			sourceTree = "<group>";
		};
		0C5E382B8CF5FB9632BB3126 /* Frameworks */ = {
			isa = PBXGroup;
			children = (
				7F67CB07581BCE768623F634,
				5EF40E3471BE4B32E3A6FA5B,
				A531053764876C37C46BD1D7,
				FC00BB7DECDF21EB3925FC7E,
				335D9BC325C94CD0EA67CA6D,
				C17E0C738B595FE04CB8DA4D,
				F104B8132A1DE61982848991,
				447A10B9860ED526EBD9AA44,
				FBA42330B99A1FB6164A6170,
				391EF4A7D9986FDD5DCC07E6,
				51FFA81CA9FB544473A5DDD1,
				17EA58043FAFA32721BFA93F,
				F08098B562971676C6EA4208,
			);
			name = Frameworks;
			sourceTree = "<group>";
		};
		0C677BA6068E9EE6224E5B72 /* Products */ = {
			isa = PBXGroup;
			children = (
				7DEBE1FB6BCCC6A38058AFE8,
				869A55F3B611103C2E4A55D7,
				C79D4DF9092D6964A00C3549,
				82E6B475F3810E37F44B1034,
			);
			name = Products;
			sourceTree = "<group>";
		};
		69787E3A1DC64A833580E215 /* DSP */ = {
			isa = PBXGroup;
			children = (
				EC007E52C68518455AFC4F5F,
				25B34D21366CE3AD2C4CCC08,
				01FFA718A288CF6F8AA56F07,
				3239A1CBB12E205778F911B4,
				DBED5FD856BD68B4EB453F66,
				AD57F308019926E133165777,
				0A8FD887C0E56859CA442E60,
				5BC545B87929BB85648FE8CE,
				86ECF82AF4C0BD5A383BC00E,
				2540F9B45042BB1BC7E6EBD3,
			);
			name = DSP;
			sourceTree = "<group>";
		};
		713909CEAA970F82BCB10BC8 /* UI-Methods */ = {
			isa = PBXGroup;
			children = (
				DEA0D92A3ABA63ED0337AA9F,
				AA43C4360A42188C7710C04F,
				F44CB987D5372629D80908F2,
				5C78E2E84FB68F103CBA5242,
				0E14F1EF4BDFA71F1E8C01F6,
				D2138438E78BB9BF6714868D,
			);
			name = "UI-Methods";
			sourceTree = "<group>";
		};
		82BD017D225CD04FFB5AAF6F /* JUCE Library Code */ = {
			isa = PBXGroup;
			children = (
				EA921E89B207FE6FE0F2C94C,
				DD18FC529BC14E1FCC24DE9E,
				F0D9A45385112144CD8A02AA,
				F5B6B7C78AC3BB805CC754D7,
				9323F10AAA4418CEB7B4A1AB,
				505F3C1694B85D013AD236DE,
				2070D621F2917CC740F9F8F5,
				DB9EC5266ACBC377B3F2FD5A,
				6B18FE1EA80B638070C23C18,
				08AA68BA857F2CB6CD54FD27,
				D76B7D0CC6A6D7E67F546C4A,
				F9A474BF581E86093D0422EF,
				C3D9059767581FE1C776EDBF,
				C1C3CB5983702B4CE7B16B9D,
				360A955123DA254917946A19,
				9DA12C80EF1A3333CCE7CF8B,
				7ED938D854A1D507E4B4DBE6,
				62AE5D897E95104E27CA3961,
				ED6B7BD226A5DD7E7C5B4AAC,
				FE026A81A652B3238593B1C9,
				DDFCA06C74A75B581E9C10FF,
				E585EB333BC63204E7732B84,
				2104ED79E1464B8061BDB685,
				C289CFB2F381FD098F6B2E97,
				9F6F2FB4D497605C107F5EF7,
				2A61F486AD04E57693B9EC2E,
				EF21DA119E01424A765F00F3,
			);
			name = "JUCE Library Code";
			sourceTree = "<group>";
		};
		AC2C74989D09469EF0C40300 /* Resources */ = {
			isa = PBXGroup;
			children = (
				289EB6D679855C64022D1CA0,
				FFEE0F731587767F3E9D6FEE,
				CABD6961D87A350F24F7D22B,
				9871F8058E0246492696E5A1,
			);
			name = Resources;
			sourceTree = "<group>";
		};
		BCA2EDC6DCA557C9EBB9ABDB /* UI-Components */ = {
			isa = PBXGroup;
			children = (
				143142BBC0E28AD35D6BF85F,
				3663556B3DF68B7351180894,
				3018CCC3D363DF333BEBC5FE,
				439751721B47E802DF656FD4,
				294E0671AEDB39E0727A1FF8,
				37B299AAAF4C532B6CB488B6,
				7643DEEB0311E81F9C087871,
				D8BBC156CF6FBA3CF4C14BDA,
				A21272700AFAB0EAFC17067E,
				902AF4761A71ABCEF658BB7D,
			);
			name = "UI-Components";
			sourceTree = "<group>";
		};
		C43AB0921385E7D11F648103 /* Widgets */ = {
			isa = PBXGroup;
			children = (
				46F43C07FC3B1EDF429FD069,
				C3683ABA288AA375E57EE4F0,
				5626BED659983E303E035599,
				49A3CF2F7B9D6371371FF73A,
				9146147714A34AFF938C2A30,
				4C8A9E89ED9F95438ED69144,
				A84874C48845C6428BEDCE01,
				D42001A3C4925CCA050339FE,
				737CB965BA38A4E8BBF2029D,
				436E2DBA8254BA1EA4139528,
			);
			name = Widgets;
			sourceTree = "<group>";
		};
		C5D044962B2F77FAD737A5B5 /* Source */ = {
			isa = PBXGroup;
			children = (
				DA56985BED6D59B8E63A8154,
				E6D5562B5704E1EAE223DD78,
				82BD017D225CD04FFB5AAF6F,
				AC2C74989D09469EF0C40300,
				0C5E382B8CF5FB9632BB3126,
				0C677BA6068E9EE6224E5B72,
			);
			name = Source;
			sourceTree = "<group>";
		};
		DA56985BED6D59B8E63A8154 /* LV-Template */ = {
			isa = PBXGroup;
			children = (
				EBC52AC98847B7B311DEF682,
			);
			name = "LV-Template";
			sourceTree = "<group>";
		};
		E6D5562B5704E1EAE223DD78 /* JUCE Modules */ = {
			isa = PBXGroup;
			children = (
				BB83F40FCC54BB482FF4D390,
				3A94840F887A8FB1EE205A40,
				666F808D3D16A805E79A84CA,
				4AF5E1C34FBC5F2BED290930,
				628FA451A6318B4BB55191B6,
				0F0FA511B41CDA7A755126F9,
				A21D980FAD89F846D9D0A6AD,
				410B9D81187141CA2F3D6347,
				915B91D3B43AE0E99FC5B54E,
				996863505E9FED5B8A66FE58,
				1E93D3DE4B5F4F79419A85D9,
				1A1DA2C633A205CC5E059B49,
				1E65DFD85C2DED764C357A28,
			);
			name = "JUCE Modules";
			sourceTree = "<group>";
		};
		EBC52AC98847B7B311DEF682 /* Source */ = {
			isa = PBXGroup;
			children = (
				026BFA6DB320371E1EDB3B09,
				BCA2EDC6DCA557C9EBB9ABDB,
				713909CEAA970F82BCB10BC8,
				F90565D3E65CADCE25F110C5,
				69787E3A1DC64A833580E215,
				C43AB0921385E7D11F648103,
				28E986E69A159BE55ED2468D,
				58FD49CF23FF1000D531768B,
				9C025C1DBCF8FE051E81BD84,
				0A0804B8E8FA67F13F15F65D,
			);
			name = Source;
			sourceTree = "<group>";
		};
		F90565D3E65CADCE25F110C5 /* Assets */ = {
			isa = PBXGroup;
			children = (
				52C426CCB60B73EF838487AC,
				C93AEEECAB4D75BF2DB89177,
				DF052022A266802F48CCEDC1,
				AF9E5A9ED2C53C36697B2E8A,
				FA7A61A85CEE27AF2121B820,
				794CC0D5CF0D76C03DEDAFD7,
				642B427C21BAE836718E6C55,
				92E154961A09AB6D03C36B26,
			);
			name = Assets;
			sourceTree = "<group>";
		};
/* End PBXGroup section */

/* Begin PBXNativeTarget section */
		4FE9B790A50F076999236AF4 /* LV-Template - Standalone Plugin */ = {
			isa = PBXNativeTarget;
			buildConfigurationList = 38996CB11D0056B10B670C54;
			buildPhases = (
				64FD5B2901FBB27D4F39808E,
				C78FC255DF7BA2824DD327F9,
				632A520C6E7978F0558AAD25,
			);
			buildRules = (
			);
			dependencies = (
				08396459214DF6EE7519D792,
			);
			name = "LV-Template - Standalone Plugin";
			productName = "LV-Template";
			productReference = C79D4DF9092D6964A00C3549;
			productType = "com.apple.product-type.application";
		};
		686C12DE80A3E168D4E06901 /* LV-Template - AU */ = {
			isa = PBXNativeTarget;
			buildConfigurationList = B6505617773EFD1B9AFF29B2;
			buildPhases = (
				FD05D125155DF47C2A55F417,
				6217ACFCD3E367B5E8BDB81E,
				694F4267B5D9CB12DD252E6E,
				DD3BBAA30C74892CB743EF62,
			);
			buildRules = (
			);
			dependencies = (
				9327E851251C8B8C2C431238,
			);
			name = "LV-Template - AU";
			productName = "LV-Template";
			productReference = 869A55F3B611103C2E4A55D7;
			productType = "com.apple.product-type.bundle";
		};
		B977C4D6C43D5E83F1F6FFED /* LV-Template - VST3 */ = {
			isa = PBXNativeTarget;
			buildConfigurationList = 6382AA68C58390A0D414959B;
			buildPhases = (
				16405AF64CE9EECA00C424CD,
				B5B4D662DDF304DDF800203A,
				8B2CB0EBAD1D565D84854F60,
			);
			buildRules = (
			);
			dependencies = (
				3A62F994B32AB5B1CACDF6D5,
			);
			name = "LV-Template - VST3";
			productName = "LV-Template";
			productReference = 7DEBE1FB6BCCC6A38058AFE8;
			productType = "com.apple.product-type.bundle";
		};
		D28C1C740E8348B599CD8B0D /* LV-Template - Shared Code */ = {
			isa = PBXNativeTarget;
			buildConfigurationList = 855BF4BBBE3D01F30099DC58;
			buildPhases = (
				C6146531649F1955AB8C23B2,
			);
			buildRules = (
			);
			dependencies = (
			);
			name = "LV-Template - Shared Code";
			productName = "LV-Template";
			productReference = 82E6B475F3810E37F44B1034;
			productType = "com.apple.product-type.library.static";
		};
/* End PBXNativeTarget section */

/* Begin PBXProject section */
		E4B1C3F0DB56CFBD96C62EDC = {
			isa = PBXProject;
			attributes = {
				LastUpgradeCheck = 1300;
				ORGANIZATIONNAME = "";
				TargetAttributes = {
					4FE9B790A50F076999236AF4 = {
						SystemCapabilities = {
							com.apple.ApplicationGroups.iOS = {
								enabled = 0;
							};
							com.apple.HardenedRuntime = {
								enabled = 0;
							};
							com.apple.InAppPurchase = {
								enabled = 0;
							};
							com.apple.InterAppAudio = {
								enabled = 0;
							};
							com.apple.Push = {
								enabled = 0;
							};
							com.apple.Sandbox = {
								enabled = 0;
							};
						};
					};
					686C12DE80A3E168D4E06901 = {
						SystemCapabilities = {
							com.apple.ApplicationGroups.iOS = {
								enabled = 0;
							};
							com.apple.HardenedRuntime = {
								enabled = 0;
							};
							com.apple.InAppPurchase = {
								enabled = 0;
							};
							com.apple.InterAppAudio = {
								enabled = 0;
							};
							com.apple.Push = {
								enabled = 0;
							};
							com.apple.Sandbox = {
								enabled = 0;
							};
						};
					};
					B977C4D6C43D5E83F1F6FFED = {
						SystemCapabilities = {
							com.apple.ApplicationGroups.iOS = {
								enabled = 0;
							};
							com.apple.HardenedRuntime = {
								enabled = 0;
							};
							com.apple.InAppPurchase = {
								enabled = 0;
							};
							com.apple.InterAppAudio = {
								enabled = 0;
							};
							com.apple.Push = {
								enabled = 0;
							};
							com.apple.Sandbox = {
								enabled = 0;
							};
						};
					};
					D28C1C740E8348B599CD8B0D = {
						SystemCapabilities = {
							com.apple.ApplicationGroups.iOS = {
								enabled = 0;
							};
							com.apple.HardenedRuntime = {
								enabled = 0;
							};
							com.apple.InAppPurchase = {
								enabled = 0;
							};
							com.apple.InterAppAudio = {
								enabled = 0;
							};
							com.apple.Push = {
								enabled = 0;
							};
							com.apple.Sandbox = {
								enabled = 0;
							};
						};
					};
					FF8ABB15C9C542DA561766ED = {
						SystemCapabilities = {
							com.apple.ApplicationGroups.iOS = {
								enabled = 0;
							};
							com.apple.HardenedRuntime = {
								enabled = 0;
							};
							com.apple.InAppPurchase = {
								enabled = 0;
							};
							com.apple.InterAppAudio = {
								enabled = 0;
							};
							com.apple.Push = {
								enabled = 0;
							};
							com.apple.Sandbox = {
								enabled = 0;
							};
						};
					};
				};
			};
			buildConfigurationList = 909713114007D87D225F240D;
			compatibilityVersion = "Xcode 3.2";
			hasScannedForEncodings = 0;
			knownRegions = (
				en,
				Base,
			);
			mainGroup = C5D044962B2F77FAD737A5B5;
			projectDirPath = "";
			projectRoot = "";
			targets = (
				FF8ABB15C9C542DA561766ED,
				B977C4D6C43D5E83F1F6FFED,
				686C12DE80A3E168D4E06901,
				4FE9B790A50F076999236AF4,
				D28C1C740E8348B599CD8B0D,
			);
		};
/* End PBXProject section */

/* Begin PBXResourcesBuildPhase section */
		16405AF64CE9EECA00C424CD = {
			isa = PBXResourcesBuildPhase;
			buildActionMask = 2147483647;
			files = (
				3E43ACAEBC80DC07AEEF0BD5,
			);
			runOnlyForDeploymentPostprocessing = 0;
		};
		64FD5B2901FBB27D4F39808E = {
			isa = PBXResourcesBuildPhase;
			buildActionMask = 2147483647;
			files = (
				3E43ACAEBC80DC07AEEF0BD5,
			);
			runOnlyForDeploymentPostprocessing = 0;
		};
		FD05D125155DF47C2A55F417 = {
			isa = PBXResourcesBuildPhase;
			buildActionMask = 2147483647;
			files = (
				3E43ACAEBC80DC07AEEF0BD5,
			);
			runOnlyForDeploymentPostprocessing = 0;
		};
/* End PBXResourcesBuildPhase section */

/* Begin PBXRezBuildPhase section */
		6217ACFCD3E367B5E8BDB81E = {
			isa = PBXRezBuildPhase;
			buildActionMask = 2147483647;
			files = (
				734F31B002F6E6B4B2D21989,
			);
			runOnlyForDeploymentPostprocessing = 0;
		};
/* End PBXRezBuildPhase section */

/* Begin PBXSourcesBuildPhase section */
		694F4267B5D9CB12DD252E6E = {
			isa = PBXSourcesBuildPhase;
			buildActionMask = 2147483647;
			files = (
				965E51DFB0DCFBFA4A21895D,
				2AE46E4BAC3AF4574EBDE9D4,
			);
			runOnlyForDeploymentPostprocessing = 0;
		};
		B5B4D662DDF304DDF800203A = {
			isa = PBXSourcesBuildPhase;
			buildActionMask = 2147483647;
			files = (
				B9BDB00D2D2E59B6A7BAC18A,
			);
			runOnlyForDeploymentPostprocessing = 0;
		};
		C6146531649F1955AB8C23B2 = {
			isa = PBXSourcesBuildPhase;
			buildActionMask = 2147483647;
			files = (
				863A653E0144E1530DE847B8,
				900A025F261056FA86841208,
				41182CA3D39334C6288CE469,
				16D9E57D41DE26DC832A9943,
				E0954B8B96FD68C4A1C33FD1,
				83B064C6BB7F97D17B32FE3B,
				23C67697621A7481F5310FD1,
				E887C3F4AAE2930788A71879,
				8FF04CCFEF69A3E5C5284CC6,
				ADFE7902372F387465DE7F76,
				1E4214C14BB2F87653B0A822,
				D9EE62A7618A94921227A806,
				572348C6834C4754B3F1E75D,
				BFB19C7D7614AEA3E13BE484,
				22FFE80FBBD14936FA06F04E,
				9A5987CC83F7723AE5874E30,
				2EC953E2F4BEF6BB94AAB6C8,
				A884F2E3B27ADD9890539DF6,
				2BEAE01F6AD22E17A6F06A74,
				EEF6F7602C2A88D9E5C0E0A8,
				5DE62EC7DF272F1DBD9B9FF2,
				DA65119BCED3A3A4604FA583,
				91DBDB98D684A3D5A95B04D3,
				E777D7C331C9D844F2F87379,
				F9BF9F67E9C157E3AAD401C2,
				CDD4A9E26364B94765C6BD76,
				80A2A9FE3438CF2CB9AA716D,
				3443FF7154ECE03A9B0CEDCF,
				6BFA660DFC4ABD45D54EBA70,
				AEFC2D47AAAE892EE4FBB5F3,
				BD6C75CC1A1625BF4A4C1280,
				B64B4710A7B487831093BD5B,
				2165CDB03CA45F80266B4513,
				035C45799903155210BEFA44,
				3C6A991719506DDD8D603FCA,
				DA26B17D768CAD899665209E,
				F245F657BE1B6CF1EC1EDA22,
				D852275A35B78E040BFC9974,
			);
			runOnlyForDeploymentPostprocessing = 0;
		};
		C78FC255DF7BA2824DD327F9 = {
			isa = PBXSourcesBuildPhase;
			buildActionMask = 2147483647;
			files = (
				57F28906FB296346A5348B43,
			);
			runOnlyForDeploymentPostprocessing = 0;
		};
/* End PBXSourcesBuildPhase section */

/* Begin PBXTargetDependency section */
		0779DA7D1F1585BFADD57D1F = {
			isa = PBXTargetDependency;
			target = B977C4D6C43D5E83F1F6FFED;
		};
		08396459214DF6EE7519D792 = {
			isa = PBXTargetDependency;
			target = D28C1C740E8348B599CD8B0D;
		};
		1D89C544DCE29D329EE59ABF = {
			isa = PBXTargetDependency;
			target = 4FE9B790A50F076999236AF4;
		};
		3A62F994B32AB5B1CACDF6D5 = {
			isa = PBXTargetDependency;
			target = D28C1C740E8348B599CD8B0D;
		};
		7C3CA45286ECA2418734A83B = {
			isa = PBXTargetDependency;
			target = D28C1C740E8348B599CD8B0D;
		};
		9327E851251C8B8C2C431238 = {
			isa = PBXTargetDependency;
			target = D28C1C740E8348B599CD8B0D;
		};
		CEFF18A2CBFC5BC5894A3AEF = {
			isa = PBXTargetDependency;
			target = 686C12DE80A3E168D4E06901;
		};
/* End PBXTargetDependency section */

/* Begin XCBuildConfiguration section */
		10065F90E75E7190BE2CAD6D /* Debug */ = {
			isa = XCBuildConfiguration;
			buildSettings = {
				ALWAYS_SEARCH_USER_PATHS = NO;
				CLANG_ENABLE_OBJC_WEAK = YES;
				CLANG_WARN_BLOCK_CAPTURE_AUTORELEASING = YES;
				CLANG_WARN_BOOL_CONVERSION = YES;
				CLANG_WARN_COMMA = YES;
				CLANG_WARN_CONSTANT_CONVERSION = YES;
				CLANG_WARN_DEPRECATED_OBJC_IMPLEMENTATIONS = YES;
				CLANG_WARN_EMPTY_BODY = YES;
				CLANG_WARN_ENUM_CONVERSION = YES;
				CLANG_WARN_INFINITE_RECURSION = YES;
				CLANG_WARN_INT_CONVERSION = YES;
				CLANG_WARN_NON_LITERAL_NULL_CONVERSION = YES;
				CLANG_WARN_OBJC_IMPLICIT_RETAIN_SELF = YES;
				CLANG_WARN_OBJC_LITERAL_CONVERSION = YES;
				CLANG_WARN_RANGE_LOOP_ANALYSIS = YES;
				CLANG_WARN_STRICT_PROTOTYPES = YES;
				CLANG_WARN_SUSPICIOUS_MOVE = YES;
				CLANG_WARN_UNREACHABLE_CODE = YES;
				CLANG_WARN__DUPLICATE_METHOD_MATCH = YES;
				CODE_SIGN_IDENTITY = "";
				DEBUG_INFORMATION_FORMAT = dwarf;
				ENABLE_STRICT_OBJC_MSGSEND = YES;
				ENABLE_TESTABILITY = NO;
				GCC_C_LANGUAGE_STANDARD = c11;
				GCC_INLINES_ARE_PRIVATE_EXTERN = YES;
				GCC_MODEL_TUNING = G5;
				GCC_NO_COMMON_BLOCKS = YES;
				GCC_SYMBOLS_PRIVATE_EXTERN = YES;
				GCC_WARN_64_TO_32_BIT_CONVERSION = YES;
				GCC_WARN_ABOUT_RETURN_TYPE = YES;
				GCC_WARN_CHECK_SWITCH_STATEMENTS = YES;
				GCC_WARN_MISSING_PARENTHESES = YES;
				GCC_WARN_NON_VIRTUAL_DESTRUCTOR = YES;
				GCC_WARN_TYPECHECK_CALLS_TO_PRINTF = YES;
				GCC_WARN_UNDECLARED_SELECTOR = YES;
				GCC_WARN_UNINITIALIZED_AUTOS = YES;
				GCC_WARN_UNUSED_FUNCTION = YES;
				GCC_WARN_UNUSED_VARIABLE = YES;
				ONLY_ACTIVE_ARCH = YES;
				PRODUCT_NAME = "LV-Template";
				SDKROOT = macosx;
				WARNING_CFLAGS = "-Wreorder";
				ZERO_LINK = NO;
			};
			name = Debug;
		};
		37FB3A9F2B47381CBD93AA4E /* Debug */ = {
			isa = XCBuildConfiguration;
			buildSettings = {
				CLANG_CXX_LANGUAGE_STANDARD = "c++14";
				CLANG_CXX_LIBRARY = "libc++";
				CLANG_LINK_OBJC_RUNTIME = NO;
				CODE_SIGN_IDENTITY = "";
				COMBINE_HIDPI_IMAGES = YES;
				CONFIGURATION_BUILD_DIR = "$(PROJECT_DIR)/build/$(CONFIGURATION)";
				COPY_PHASE_STRIP = NO;
				DEPLOYMENT_LOCATION = YES;
				DSTROOT = /;
				GCC_DYNAMIC_NO_PIC = NO;
				GCC_OPTIMIZATION_LEVEL = 0;
				GCC_PREPROCESSOR_DEFINITIONS = (
					"_DEBUG=1",
					"DEBUG=1",
					"JUCE_DISPLAY_SPLASH_SCREEN=0",
					"JUCE_USE_DARK_SPLASH_SCREEN=1",
					"JUCE_PROJUCER_VERSION=0x60102",
					"JUCE_MODULE_AVAILABLE_juce_audio_basics=1",
					"JUCE_MODULE_AVAILABLE_juce_audio_devices=1",
					"JUCE_MODULE_AVAILABLE_juce_audio_formats=1",
					"JUCE_MODULE_AVAILABLE_juce_audio_plugin_client=1",
					"JUCE_MODULE_AVAILABLE_juce_audio_processors=1",
					"JUCE_MODULE_AVAILABLE_juce_audio_utils=1",
					"JUCE_MODULE_AVAILABLE_juce_core=1",
					"JUCE_MODULE_AVAILABLE_juce_data_structures=1",
					"JUCE_MODULE_AVAILABLE_juce_dsp=1",
					"JUCE_MODULE_AVAILABLE_juce_events=1",
					"JUCE_MODULE_AVAILABLE_juce_graphics=1",
					"JUCE_MODULE_AVAILABLE_juce_gui_basics=1",
					"JUCE_MODULE_AVAILABLE_juce_gui_extra=1",
					"JUCE_GLOBAL_MODULE_SETTINGS_INCLUDED=1",
					"JUCE_VST3_CAN_REPLACE_VST2=0",
					"JUCE_STRICT_REFCOUNTEDPOINTER=1",
					"JucePlugin_Build_VST=0",
					"JucePlugin_Build_VST3=0",
					"JucePlugin_Build_AU=1",
					"JucePlugin_Build_AUv3=0",
					"JucePlugin_Build_RTAS=0",
					"JucePlugin_Build_AAX=0",
					"JucePlugin_Build_Standalone=0",
					"JucePlugin_Build_Unity=0",
					"JucePlugin_Enable_IAA=0",
					"JucePlugin_Name=\\\"LV-Template\\\"",
					"JucePlugin_Desc=\\\"LV-Template\\\"",
					"JucePlugin_Manufacturer=\\\"yourcompany\\\"",
					"JucePlugin_ManufacturerWebsite=\\\"\\\"",
					"JucePlugin_ManufacturerEmail=\\\"\\\"",
					"JucePlugin_ManufacturerCode=0x4d616e75",
					"JucePlugin_PluginCode=0x4f756771",
					"JucePlugin_IsSynth=0",
					"JucePlugin_WantsMidiInput=0",
					"JucePlugin_ProducesMidiOutput=0",
					"JucePlugin_IsMidiEffect=0",
					"JucePlugin_EditorRequiresKeyboardFocus=0",
					"JucePlugin_Version=1.0.0",
					"JucePlugin_VersionCode=0x10000",
					"JucePlugin_VersionString=\\\"1.0.0\\\"",
					"JucePlugin_VSTUniqueID=JucePlugin_PluginCode",
					"JucePlugin_VSTCategory=kPlugCategEffect",
					"JucePlugin_Vst3Category=\\\"Fx\\\"",
					"JucePlugin_AUMainType='aufx'",
					"JucePlugin_AUSubType=JucePlugin_PluginCode",
					"JucePlugin_AUExportPrefix=LVTemplateAU",
					"JucePlugin_AUExportPrefixQuoted=\\\"LVTemplateAU\\\"",
					"JucePlugin_AUManufacturerCode=JucePlugin_ManufacturerCode",
					"JucePlugin_CFBundleIdentifier=com.yourcompany.LVTemplate",
					"JucePlugin_RTASCategory=0",
					"JucePlugin_RTASManufacturerCode=JucePlugin_ManufacturerCode",
					"JucePlugin_RTASProductId=JucePlugin_PluginCode",
					"JucePlugin_RTASDisableBypass=0",
					"JucePlugin_RTASDisableMultiMono=0",
					"JucePlugin_AAXIdentifier=com.yourcompany.LVTemplate",
					"JucePlugin_AAXManufacturerCode=JucePlugin_ManufacturerCode",
					"JucePlugin_AAXProductId=JucePlugin_PluginCode",
					"JucePlugin_AAXCategory=0",
					"JucePlugin_AAXDisableBypass=0",
					"JucePlugin_AAXDisableMultiMono=0",
					"JucePlugin_IAAType=0x61757278",
					"JucePlugin_IAASubType=JucePlugin_PluginCode",
					"JucePlugin_IAAName=\\\"yourcompany:\\ LV-Template\\\"",
					"JucePlugin_VSTNumMidiInputs=16",
					"JucePlugin_VSTNumMidiOutputs=16",
					"JUCE_STANDALONE_APPLICATION=JucePlugin_Build_Standalone",
					"JUCER_XCODE_MAC_F6D2F4CF=1",
					"JUCE_APP_VERSION=1.0.0",
					"JUCE_APP_VERSION_HEX=0x10000",
				);
				GCC_VERSION = com.apple.compilers.llvm.clang.1_0;
				GENERATE_PKGINFO_FILE = YES;
				HEADER_SEARCH_PATHS = (
					"/Users/land00m/Documents/GitHub/JUCE/modules/juce_audio_processors/format_types/VST3_SDK",
					"$(SRCROOT)/../../JuceLibraryCode",
					"/Users/land00m/Documents/GitHub/JUCE/modules",
					"/Users/land00m/Documents/GitHub/JUCE/modules/juce_audio_plugin_client",
					"$(inherited)",
				);
				INFOPLIST_FILE = Info-AU.plist;
				INFOPLIST_PREPROCESS = NO;
				INSTALL_PATH = "$(HOME)/Library/Audio/Plug-Ins/Components/";
				LIBRARY_STYLE = Bundle;
				MACOSX_DEPLOYMENT_TARGET = 10.11;
				MTL_HEADER_SEARCH_PATHS = "/Users/land00m/Documents/GitHub/JUCE/modules/juce_audio_processors/format_types/VST3_SDK $(SRCROOT)/../../JuceLibraryCode /Users/land00m/Documents/GitHub/JUCE/modules /Users/land00m/Documents/GitHub/JUCE/modules/juce_audio_plugin_client";
				OTHER_LDFLAGS = "-bundle -lLV-Template";
				OTHER_REZFLAGS = "-d ppc_$ppc -d i386_$i386 -d ppc64_$ppc64 -d x86_64_$x86_64 -d arm64_$arm64 -I /System/Library/Frameworks/CoreServices.framework/Frameworks/CarbonCore.framework/Versions/A/Headers -I \"$(DEVELOPER_DIR)/Extras/CoreAudio/AudioUnits/AUPublic/AUBase\" -I \"$(DEVELOPER_DIR)/Platforms/MacOSX.platform/Developer/SDKs/MacOSX.sdk/System/Library/Frameworks/AudioUnit.framework/Headers\"";
				PRODUCT_BUNDLE_IDENTIFIER = com.yourcompany.LVTemplate;
				PRODUCT_NAME = "LV-Template";
				USE_HEADERMAP = NO;
				VALID_ARCHS = "i386 x86_64 arm64 arm64e";
				WRAPPER_EXTENSION = component;
			};
			name = Debug;
		};
		51B107BCB04F38624579933B /* Release */ = {
			isa = XCBuildConfiguration;
			buildSettings = {
				MACOSX_DEPLOYMENT_TARGET = 10.11;
				SDKROOT = macosx;
			};
			name = Release;
		};
		55D4CC8EF41E167731163951 /* Debug */ = {
			isa = XCBuildConfiguration;
			buildSettings = {
				CLANG_CXX_LANGUAGE_STANDARD = "c++14";
				CLANG_CXX_LIBRARY = "libc++";
				CLANG_LINK_OBJC_RUNTIME = NO;
				CODE_SIGN_IDENTITY = "";
				COMBINE_HIDPI_IMAGES = YES;
				CONFIGURATION_BUILD_DIR = "$(PROJECT_DIR)/build/$(CONFIGURATION)";
				COPY_PHASE_STRIP = NO;
				GCC_DYNAMIC_NO_PIC = NO;
				GCC_OPTIMIZATION_LEVEL = 0;
				GCC_PREPROCESSOR_DEFINITIONS = (
					"_DEBUG=1",
					"DEBUG=1",
					"JUCE_DISPLAY_SPLASH_SCREEN=0",
					"JUCE_USE_DARK_SPLASH_SCREEN=1",
					"JUCE_PROJUCER_VERSION=0x60102",
					"JUCE_MODULE_AVAILABLE_juce_audio_basics=1",
					"JUCE_MODULE_AVAILABLE_juce_audio_devices=1",
					"JUCE_MODULE_AVAILABLE_juce_audio_formats=1",
					"JUCE_MODULE_AVAILABLE_juce_audio_plugin_client=1",
					"JUCE_MODULE_AVAILABLE_juce_audio_processors=1",
					"JUCE_MODULE_AVAILABLE_juce_audio_utils=1",
					"JUCE_MODULE_AVAILABLE_juce_core=1",
					"JUCE_MODULE_AVAILABLE_juce_data_structures=1",
					"JUCE_MODULE_AVAILABLE_juce_dsp=1",
					"JUCE_MODULE_AVAILABLE_juce_events=1",
					"JUCE_MODULE_AVAILABLE_juce_graphics=1",
					"JUCE_MODULE_AVAILABLE_juce_gui_basics=1",
					"JUCE_MODULE_AVAILABLE_juce_gui_extra=1",
					"JUCE_GLOBAL_MODULE_SETTINGS_INCLUDED=1",
					"JUCE_VST3_CAN_REPLACE_VST2=0",
					"JUCE_STRICT_REFCOUNTEDPOINTER=1",
					"JucePlugin_Build_VST=0",
					"JucePlugin_Build_VST3=1",
					"JucePlugin_Build_AU=1",
					"JucePlugin_Build_AUv3=0",
					"JucePlugin_Build_RTAS=0",
					"JucePlugin_Build_AAX=0",
					"JucePlugin_Build_Standalone=1",
					"JucePlugin_Build_Unity=0",
					"JucePlugin_Enable_IAA=0",
					"JucePlugin_Name=\\\"LV-Template\\\"",
					"JucePlugin_Desc=\\\"LV-Template\\\"",
					"JucePlugin_Manufacturer=\\\"yourcompany\\\"",
					"JucePlugin_ManufacturerWebsite=\\\"\\\"",
					"JucePlugin_ManufacturerEmail=\\\"\\\"",
					"JucePlugin_ManufacturerCode=0x4d616e75",
					"JucePlugin_PluginCode=0x4f756771",
					"JucePlugin_IsSynth=0",
					"JucePlugin_WantsMidiInput=0",
					"JucePlugin_ProducesMidiOutput=0",
					"JucePlugin_IsMidiEffect=0",
					"JucePlugin_EditorRequiresKeyboardFocus=0",
					"JucePlugin_Version=1.0.0",
					"JucePlugin_VersionCode=0x10000",
					"JucePlugin_VersionString=\\\"1.0.0\\\"",
					"JucePlugin_VSTUniqueID=JucePlugin_PluginCode",
					"JucePlugin_VSTCategory=kPlugCategEffect",
					"JucePlugin_Vst3Category=\\\"Fx\\\"",
					"JucePlugin_AUMainType='aufx'",
					"JucePlugin_AUSubType=JucePlugin_PluginCode",
					"JucePlugin_AUExportPrefix=LVTemplateAU",
					"JucePlugin_AUExportPrefixQuoted=\\\"LVTemplateAU\\\"",
					"JucePlugin_AUManufacturerCode=JucePlugin_ManufacturerCode",
					"JucePlugin_CFBundleIdentifier=com.yourcompany.LVTemplate",
					"JucePlugin_RTASCategory=0",
					"JucePlugin_RTASManufacturerCode=JucePlugin_ManufacturerCode",
					"JucePlugin_RTASProductId=JucePlugin_PluginCode",
					"JucePlugin_RTASDisableBypass=0",
					"JucePlugin_RTASDisableMultiMono=0",
					"JucePlugin_AAXIdentifier=com.yourcompany.LVTemplate",
					"JucePlugin_AAXManufacturerCode=JucePlugin_ManufacturerCode",
					"JucePlugin_AAXProductId=JucePlugin_PluginCode",
					"JucePlugin_AAXCategory=0",
					"JucePlugin_AAXDisableBypass=0",
					"JucePlugin_AAXDisableMultiMono=0",
					"JucePlugin_IAAType=0x61757278",
					"JucePlugin_IAASubType=JucePlugin_PluginCode",
					"JucePlugin_IAAName=\\\"yourcompany:\\ LV-Template\\\"",
					"JucePlugin_VSTNumMidiInputs=16",
					"JucePlugin_VSTNumMidiOutputs=16",
					"JUCE_STANDALONE_APPLICATION=JucePlugin_Build_Standalone",
					"JUCER_XCODE_MAC_F6D2F4CF=1",
					"JUCE_APP_VERSION=1.0.0",
					"JUCE_APP_VERSION_HEX=0x10000",
					"JUCE_SHARED_CODE=1",
				);
				GCC_VERSION = com.apple.compilers.llvm.clang.1_0;
				HEADER_SEARCH_PATHS = (
					"/Users/land00m/Documents/GitHub/JUCE/modules/juce_audio_processors/format_types/VST3_SDK",
					"$(SRCROOT)/../../JuceLibraryCode",
					"/Users/land00m/Documents/GitHub/JUCE/modules",
					"/Users/land00m/Documents/GitHub/JUCE/modules/juce_audio_plugin_client",
					"$(inherited)",
				);
				INSTALL_PATH = "@executable_path/../Frameworks";
				MACOSX_DEPLOYMENT_TARGET = 10.11;
				MTL_HEADER_SEARCH_PATHS = "/Users/land00m/Documents/GitHub/JUCE/modules/juce_audio_processors/format_types/VST3_SDK $(SRCROOT)/../../JuceLibraryCode /Users/land00m/Documents/GitHub/JUCE/modules /Users/land00m/Documents/GitHub/JUCE/modules/juce_audio_plugin_client";
				PRODUCT_BUNDLE_IDENTIFIER = com.yourcompany.LVTemplate;
				PRODUCT_NAME = "LV-Template";
				SKIP_INSTALL = YES;
				USE_HEADERMAP = NO;
				VALID_ARCHS = "i386 x86_64 arm64 arm64e";
			};
			name = Debug;
		};
		725858D0C5647496EAAFDBC9 /* Release */ = {
			isa = XCBuildConfiguration;
			buildSettings = {
				CLANG_CXX_LANGUAGE_STANDARD = "c++14";
				CLANG_CXX_LIBRARY = "libc++";
				CLANG_LINK_OBJC_RUNTIME = NO;
				CODE_SIGN_IDENTITY = "";
				COMBINE_HIDPI_IMAGES = YES;
				CONFIGURATION_BUILD_DIR = "$(PROJECT_DIR)/build/$(CONFIGURATION)";
				DEAD_CODE_STRIPPING = YES;
				GCC_GENERATE_DEBUGGING_SYMBOLS = NO;
				GCC_OPTIMIZATION_LEVEL = 3;
				GCC_PREPROCESSOR_DEFINITIONS = (
					"_NDEBUG=1",
					"NDEBUG=1",
					"JUCE_DISPLAY_SPLASH_SCREEN=0",
					"JUCE_USE_DARK_SPLASH_SCREEN=1",
					"JUCE_PROJUCER_VERSION=0x60102",
					"JUCE_MODULE_AVAILABLE_juce_audio_basics=1",
					"JUCE_MODULE_AVAILABLE_juce_audio_devices=1",
					"JUCE_MODULE_AVAILABLE_juce_audio_formats=1",
					"JUCE_MODULE_AVAILABLE_juce_audio_plugin_client=1",
					"JUCE_MODULE_AVAILABLE_juce_audio_processors=1",
					"JUCE_MODULE_AVAILABLE_juce_audio_utils=1",
					"JUCE_MODULE_AVAILABLE_juce_core=1",
					"JUCE_MODULE_AVAILABLE_juce_data_structures=1",
					"JUCE_MODULE_AVAILABLE_juce_dsp=1",
					"JUCE_MODULE_AVAILABLE_juce_events=1",
					"JUCE_MODULE_AVAILABLE_juce_graphics=1",
					"JUCE_MODULE_AVAILABLE_juce_gui_basics=1",
					"JUCE_MODULE_AVAILABLE_juce_gui_extra=1",
					"JUCE_GLOBAL_MODULE_SETTINGS_INCLUDED=1",
					"JUCE_VST3_CAN_REPLACE_VST2=0",
					"JUCE_STRICT_REFCOUNTEDPOINTER=1",
					"JucePlugin_Build_VST=0",
					"JucePlugin_Build_VST3=0",
					"JucePlugin_Build_AU=0",
					"JucePlugin_Build_AUv3=0",
					"JucePlugin_Build_RTAS=0",
					"JucePlugin_Build_AAX=0",
					"JucePlugin_Build_Standalone=1",
					"JucePlugin_Build_Unity=0",
					"JucePlugin_Enable_IAA=0",
					"JucePlugin_Name=\\\"LV-Template\\\"",
					"JucePlugin_Desc=\\\"LV-Template\\\"",
					"JucePlugin_Manufacturer=\\\"yourcompany\\\"",
					"JucePlugin_ManufacturerWebsite=\\\"\\\"",
					"JucePlugin_ManufacturerEmail=\\\"\\\"",
					"JucePlugin_ManufacturerCode=0x4d616e75",
					"JucePlugin_PluginCode=0x4f756771",
					"JucePlugin_IsSynth=0",
					"JucePlugin_WantsMidiInput=0",
					"JucePlugin_ProducesMidiOutput=0",
					"JucePlugin_IsMidiEffect=0",
					"JucePlugin_EditorRequiresKeyboardFocus=0",
					"JucePlugin_Version=1.0.0",
					"JucePlugin_VersionCode=0x10000",
					"JucePlugin_VersionString=\\\"1.0.0\\\"",
					"JucePlugin_VSTUniqueID=JucePlugin_PluginCode",
					"JucePlugin_VSTCategory=kPlugCategEffect",
					"JucePlugin_Vst3Category=\\\"Fx\\\"",
					"JucePlugin_AUMainType='aufx'",
					"JucePlugin_AUSubType=JucePlugin_PluginCode",
					"JucePlugin_AUExportPrefix=LVTemplateAU",
					"JucePlugin_AUExportPrefixQuoted=\\\"LVTemplateAU\\\"",
					"JucePlugin_AUManufacturerCode=JucePlugin_ManufacturerCode",
					"JucePlugin_CFBundleIdentifier=com.yourcompany.LVTemplate",
					"JucePlugin_RTASCategory=0",
					"JucePlugin_RTASManufacturerCode=JucePlugin_ManufacturerCode",
					"JucePlugin_RTASProductId=JucePlugin_PluginCode",
					"JucePlugin_RTASDisableBypass=0",
					"JucePlugin_RTASDisableMultiMono=0",
					"JucePlugin_AAXIdentifier=com.yourcompany.LVTemplate",
					"JucePlugin_AAXManufacturerCode=JucePlugin_ManufacturerCode",
					"JucePlugin_AAXProductId=JucePlugin_PluginCode",
					"JucePlugin_AAXCategory=0",
					"JucePlugin_AAXDisableBypass=0",
					"JucePlugin_AAXDisableMultiMono=0",
					"JucePlugin_IAAType=0x61757278",
					"JucePlugin_IAASubType=JucePlugin_PluginCode",
					"JucePlugin_IAAName=\\\"yourcompany:\\ LV-Template\\\"",
					"JucePlugin_VSTNumMidiInputs=16",
					"JucePlugin_VSTNumMidiOutputs=16",
					"JUCE_STANDALONE_APPLICATION=JucePlugin_Build_Standalone",
					"JUCER_XCODE_MAC_F6D2F4CF=1",
					"JUCE_APP_VERSION=1.0.0",
					"JUCE_APP_VERSION_HEX=0x10000",
				);
				GCC_VERSION = com.apple.compilers.llvm.clang.1_0;
				HEADER_SEARCH_PATHS = (
					"/Users/land00m/Documents/GitHub/JUCE/modules/juce_audio_processors/format_types/VST3_SDK",
					"$(SRCROOT)/../../JuceLibraryCode",
					"/Users/land00m/Documents/GitHub/JUCE/modules",
					"/Users/land00m/Documents/GitHub/JUCE/modules/juce_audio_plugin_client",
					"$(inherited)",
				);
				INFOPLIST_FILE = Info-Standalone_Plugin.plist;
				INFOPLIST_PREPROCESS = NO;
				LLVM_LTO = YES;
				MACOSX_DEPLOYMENT_TARGET = 10.11;
				MTL_HEADER_SEARCH_PATHS = "/Users/land00m/Documents/GitHub/JUCE/modules/juce_audio_processors/format_types/VST3_SDK $(SRCROOT)/../../JuceLibraryCode /Users/land00m/Documents/GitHub/JUCE/modules /Users/land00m/Documents/GitHub/JUCE/modules/juce_audio_plugin_client";
				OTHER_LDFLAGS = "-lLV-Template";
				PRODUCT_BUNDLE_IDENTIFIER = com.yourcompany.LVTemplate;
				PRODUCT_NAME = "LV-Template";
				USE_HEADERMAP = NO;
				VALID_ARCHS = "i386 x86_64 arm64 arm64e";
			};
			name = Release;
		};
		74C26A0FD76F59F9ED729AF8 /* Debug */ = {
			isa = XCBuildConfiguration;
			buildSettings = {
				MACOSX_DEPLOYMENT_TARGET = 10.11;
				SDKROOT = macosx;
			};
			name = Debug;
		};
		8630ACE43297E7AD351D1DFE /* Debug */ = {
			isa = XCBuildConfiguration;
			buildSettings = {
				CLANG_CXX_LANGUAGE_STANDARD = "c++14";
				CLANG_CXX_LIBRARY = "libc++";
				CLANG_LINK_OBJC_RUNTIME = NO;
				CODE_SIGN_IDENTITY = "";
				COMBINE_HIDPI_IMAGES = YES;
				CONFIGURATION_BUILD_DIR = "$(PROJECT_DIR)/build/$(CONFIGURATION)";
				COPY_PHASE_STRIP = NO;
				DEPLOYMENT_LOCATION = YES;
				DSTROOT = /;
				GCC_DYNAMIC_NO_PIC = NO;
				GCC_OPTIMIZATION_LEVEL = 0;
				GCC_PREPROCESSOR_DEFINITIONS = (
					"_DEBUG=1",
					"DEBUG=1",
					"JUCE_DISPLAY_SPLASH_SCREEN=0",
					"JUCE_USE_DARK_SPLASH_SCREEN=1",
					"JUCE_PROJUCER_VERSION=0x60102",
					"JUCE_MODULE_AVAILABLE_juce_audio_basics=1",
					"JUCE_MODULE_AVAILABLE_juce_audio_devices=1",
					"JUCE_MODULE_AVAILABLE_juce_audio_formats=1",
					"JUCE_MODULE_AVAILABLE_juce_audio_plugin_client=1",
					"JUCE_MODULE_AVAILABLE_juce_audio_processors=1",
					"JUCE_MODULE_AVAILABLE_juce_audio_utils=1",
					"JUCE_MODULE_AVAILABLE_juce_core=1",
					"JUCE_MODULE_AVAILABLE_juce_data_structures=1",
					"JUCE_MODULE_AVAILABLE_juce_dsp=1",
					"JUCE_MODULE_AVAILABLE_juce_events=1",
					"JUCE_MODULE_AVAILABLE_juce_graphics=1",
					"JUCE_MODULE_AVAILABLE_juce_gui_basics=1",
					"JUCE_MODULE_AVAILABLE_juce_gui_extra=1",
					"JUCE_GLOBAL_MODULE_SETTINGS_INCLUDED=1",
					"JUCE_VST3_CAN_REPLACE_VST2=0",
					"JUCE_STRICT_REFCOUNTEDPOINTER=1",
					"JucePlugin_Build_VST=0",
					"JucePlugin_Build_VST3=1",
					"JucePlugin_Build_AU=0",
					"JucePlugin_Build_AUv3=0",
					"JucePlugin_Build_RTAS=0",
					"JucePlugin_Build_AAX=0",
					"JucePlugin_Build_Standalone=0",
					"JucePlugin_Build_Unity=0",
					"JucePlugin_Enable_IAA=0",
					"JucePlugin_Name=\\\"LV-Template\\\"",
					"JucePlugin_Desc=\\\"LV-Template\\\"",
					"JucePlugin_Manufacturer=\\\"yourcompany\\\"",
					"JucePlugin_ManufacturerWebsite=\\\"\\\"",
					"JucePlugin_ManufacturerEmail=\\\"\\\"",
					"JucePlugin_ManufacturerCode=0x4d616e75",
					"JucePlugin_PluginCode=0x4f756771",
					"JucePlugin_IsSynth=0",
					"JucePlugin_WantsMidiInput=0",
					"JucePlugin_ProducesMidiOutput=0",
					"JucePlugin_IsMidiEffect=0",
					"JucePlugin_EditorRequiresKeyboardFocus=0",
					"JucePlugin_Version=1.0.0",
					"JucePlugin_VersionCode=0x10000",
					"JucePlugin_VersionString=\\\"1.0.0\\\"",
					"JucePlugin_VSTUniqueID=JucePlugin_PluginCode",
					"JucePlugin_VSTCategory=kPlugCategEffect",
					"JucePlugin_Vst3Category=\\\"Fx\\\"",
					"JucePlugin_AUMainType='aufx'",
					"JucePlugin_AUSubType=JucePlugin_PluginCode",
					"JucePlugin_AUExportPrefix=LVTemplateAU",
					"JucePlugin_AUExportPrefixQuoted=\\\"LVTemplateAU\\\"",
					"JucePlugin_AUManufacturerCode=JucePlugin_ManufacturerCode",
					"JucePlugin_CFBundleIdentifier=com.yourcompany.LVTemplate",
					"JucePlugin_RTASCategory=0",
					"JucePlugin_RTASManufacturerCode=JucePlugin_ManufacturerCode",
					"JucePlugin_RTASProductId=JucePlugin_PluginCode",
					"JucePlugin_RTASDisableBypass=0",
					"JucePlugin_RTASDisableMultiMono=0",
					"JucePlugin_AAXIdentifier=com.yourcompany.LVTemplate",
					"JucePlugin_AAXManufacturerCode=JucePlugin_ManufacturerCode",
					"JucePlugin_AAXProductId=JucePlugin_PluginCode",
					"JucePlugin_AAXCategory=0",
					"JucePlugin_AAXDisableBypass=0",
					"JucePlugin_AAXDisableMultiMono=0",
					"JucePlugin_IAAType=0x61757278",
					"JucePlugin_IAASubType=JucePlugin_PluginCode",
					"JucePlugin_IAAName=\\\"yourcompany:\\ LV-Template\\\"",
					"JucePlugin_VSTNumMidiInputs=16",
					"JucePlugin_VSTNumMidiOutputs=16",
					"JUCE_STANDALONE_APPLICATION=JucePlugin_Build_Standalone",
					"JUCER_XCODE_MAC_F6D2F4CF=1",
					"JUCE_APP_VERSION=1.0.0",
					"JUCE_APP_VERSION_HEX=0x10000",
				);
				GCC_VERSION = com.apple.compilers.llvm.clang.1_0;
				GENERATE_PKGINFO_FILE = YES;
				HEADER_SEARCH_PATHS = (
					"/Users/land00m/Documents/GitHub/JUCE/modules/juce_audio_processors/format_types/VST3_SDK",
					"$(SRCROOT)/../../JuceLibraryCode",
					"/Users/land00m/Documents/GitHub/JUCE/modules",
					"/Users/land00m/Documents/GitHub/JUCE/modules/juce_audio_plugin_client",
					"$(inherited)",
				);
				INFOPLIST_FILE = Info-VST3.plist;
				INFOPLIST_PREPROCESS = NO;
				INSTALL_PATH = "$(HOME)/Library/Audio/Plug-Ins/VST3/";
				LIBRARY_STYLE = Bundle;
				MACOSX_DEPLOYMENT_TARGET = 10.11;
				MTL_HEADER_SEARCH_PATHS = "/Users/land00m/Documents/GitHub/JUCE/modules/juce_audio_processors/format_types/VST3_SDK $(SRCROOT)/../../JuceLibraryCode /Users/land00m/Documents/GitHub/JUCE/modules /Users/land00m/Documents/GitHub/JUCE/modules/juce_audio_plugin_client";
				OTHER_LDFLAGS = "-bundle -lLV-Template";
				PRODUCT_BUNDLE_IDENTIFIER = com.yourcompany.LVTemplate;
				PRODUCT_NAME = "LV-Template";
				USE_HEADERMAP = NO;
				VALID_ARCHS = "i386 x86_64 arm64 arm64e";
				WRAPPER_EXTENSION = vst3;
			};
			name = Debug;
		};
		8F29A8FD7EDC87BEFB770616 /* Release */ = {
			isa = XCBuildConfiguration;
			buildSettings = {
				CLANG_CXX_LANGUAGE_STANDARD = "c++14";
				CLANG_CXX_LIBRARY = "libc++";
				CLANG_LINK_OBJC_RUNTIME = NO;
				CODE_SIGN_IDENTITY = "";
				COMBINE_HIDPI_IMAGES = YES;
				CONFIGURATION_BUILD_DIR = "$(PROJECT_DIR)/build/$(CONFIGURATION)";
				DEAD_CODE_STRIPPING = YES;
				DEPLOYMENT_LOCATION = YES;
				DSTROOT = /;
				GCC_GENERATE_DEBUGGING_SYMBOLS = NO;
				GCC_OPTIMIZATION_LEVEL = 3;
				GCC_PREPROCESSOR_DEFINITIONS = (
					"_NDEBUG=1",
					"NDEBUG=1",
					"JUCE_DISPLAY_SPLASH_SCREEN=0",
					"JUCE_USE_DARK_SPLASH_SCREEN=1",
					"JUCE_PROJUCER_VERSION=0x60102",
					"JUCE_MODULE_AVAILABLE_juce_audio_basics=1",
					"JUCE_MODULE_AVAILABLE_juce_audio_devices=1",
					"JUCE_MODULE_AVAILABLE_juce_audio_formats=1",
					"JUCE_MODULE_AVAILABLE_juce_audio_plugin_client=1",
					"JUCE_MODULE_AVAILABLE_juce_audio_processors=1",
					"JUCE_MODULE_AVAILABLE_juce_audio_utils=1",
					"JUCE_MODULE_AVAILABLE_juce_core=1",
					"JUCE_MODULE_AVAILABLE_juce_data_structures=1",
					"JUCE_MODULE_AVAILABLE_juce_dsp=1",
					"JUCE_MODULE_AVAILABLE_juce_events=1",
					"JUCE_MODULE_AVAILABLE_juce_graphics=1",
					"JUCE_MODULE_AVAILABLE_juce_gui_basics=1",
					"JUCE_MODULE_AVAILABLE_juce_gui_extra=1",
					"JUCE_GLOBAL_MODULE_SETTINGS_INCLUDED=1",
					"JUCE_VST3_CAN_REPLACE_VST2=0",
					"JUCE_STRICT_REFCOUNTEDPOINTER=1",
					"JucePlugin_Build_VST=0",
					"JucePlugin_Build_VST3=0",
					"JucePlugin_Build_AU=1",
					"JucePlugin_Build_AUv3=0",
					"JucePlugin_Build_RTAS=0",
					"JucePlugin_Build_AAX=0",
					"JucePlugin_Build_Standalone=0",
					"JucePlugin_Build_Unity=0",
					"JucePlugin_Enable_IAA=0",
					"JucePlugin_Name=\\\"LV-Template\\\"",
					"JucePlugin_Desc=\\\"LV-Template\\\"",
					"JucePlugin_Manufacturer=\\\"yourcompany\\\"",
					"JucePlugin_ManufacturerWebsite=\\\"\\\"",
					"JucePlugin_ManufacturerEmail=\\\"\\\"",
					"JucePlugin_ManufacturerCode=0x4d616e75",
					"JucePlugin_PluginCode=0x4f756771",
					"JucePlugin_IsSynth=0",
					"JucePlugin_WantsMidiInput=0",
					"JucePlugin_ProducesMidiOutput=0",
					"JucePlugin_IsMidiEffect=0",
					"JucePlugin_EditorRequiresKeyboardFocus=0",
					"JucePlugin_Version=1.0.0",
					"JucePlugin_VersionCode=0x10000",
					"JucePlugin_VersionString=\\\"1.0.0\\\"",
					"JucePlugin_VSTUniqueID=JucePlugin_PluginCode",
					"JucePlugin_VSTCategory=kPlugCategEffect",
					"JucePlugin_Vst3Category=\\\"Fx\\\"",
					"JucePlugin_AUMainType='aufx'",
					"JucePlugin_AUSubType=JucePlugin_PluginCode",
					"JucePlugin_AUExportPrefix=LVTemplateAU",
					"JucePlugin_AUExportPrefixQuoted=\\\"LVTemplateAU\\\"",
					"JucePlugin_AUManufacturerCode=JucePlugin_ManufacturerCode",
					"JucePlugin_CFBundleIdentifier=com.yourcompany.LVTemplate",
					"JucePlugin_RTASCategory=0",
					"JucePlugin_RTASManufacturerCode=JucePlugin_ManufacturerCode",
					"JucePlugin_RTASProductId=JucePlugin_PluginCode",
					"JucePlugin_RTASDisableBypass=0",
					"JucePlugin_RTASDisableMultiMono=0",
					"JucePlugin_AAXIdentifier=com.yourcompany.LVTemplate",
					"JucePlugin_AAXManufacturerCode=JucePlugin_ManufacturerCode",
					"JucePlugin_AAXProductId=JucePlugin_PluginCode",
					"JucePlugin_AAXCategory=0",
					"JucePlugin_AAXDisableBypass=0",
					"JucePlugin_AAXDisableMultiMono=0",
					"JucePlugin_IAAType=0x61757278",
					"JucePlugin_IAASubType=JucePlugin_PluginCode",
					"JucePlugin_IAAName=\\\"yourcompany:\\ LV-Template\\\"",
					"JucePlugin_VSTNumMidiInputs=16",
					"JucePlugin_VSTNumMidiOutputs=16",
					"JUCE_STANDALONE_APPLICATION=JucePlugin_Build_Standalone",
					"JUCER_XCODE_MAC_F6D2F4CF=1",
					"JUCE_APP_VERSION=1.0.0",
					"JUCE_APP_VERSION_HEX=0x10000",
				);
				GCC_VERSION = com.apple.compilers.llvm.clang.1_0;
				GENERATE_PKGINFO_FILE = YES;
				HEADER_SEARCH_PATHS = (
					"/Users/land00m/Documents/GitHub/JUCE/modules/juce_audio_processors/format_types/VST3_SDK",
					"$(SRCROOT)/../../JuceLibraryCode",
					"/Users/land00m/Documents/GitHub/JUCE/modules",
					"/Users/land00m/Documents/GitHub/JUCE/modules/juce_audio_plugin_client",
					"$(inherited)",
				);
				INFOPLIST_FILE = Info-AU.plist;
				INFOPLIST_PREPROCESS = NO;
				INSTALL_PATH = "$(HOME)/Library/Audio/Plug-Ins/Components/";
				LIBRARY_STYLE = Bundle;
				LLVM_LTO = YES;
				MACOSX_DEPLOYMENT_TARGET = 10.11;
				MTL_HEADER_SEARCH_PATHS = "/Users/land00m/Documents/GitHub/JUCE/modules/juce_audio_processors/format_types/VST3_SDK $(SRCROOT)/../../JuceLibraryCode /Users/land00m/Documents/GitHub/JUCE/modules /Users/land00m/Documents/GitHub/JUCE/modules/juce_audio_plugin_client";
				OTHER_LDFLAGS = "-bundle -lLV-Template";
				OTHER_REZFLAGS = "-d ppc_$ppc -d i386_$i386 -d ppc64_$ppc64 -d x86_64_$x86_64 -d arm64_$arm64 -I /System/Library/Frameworks/CoreServices.framework/Frameworks/CarbonCore.framework/Versions/A/Headers -I \"$(DEVELOPER_DIR)/Extras/CoreAudio/AudioUnits/AUPublic/AUBase\" -I \"$(DEVELOPER_DIR)/Platforms/MacOSX.platform/Developer/SDKs/MacOSX.sdk/System/Library/Frameworks/AudioUnit.framework/Headers\"";
				PRODUCT_BUNDLE_IDENTIFIER = com.yourcompany.LVTemplate;
				PRODUCT_NAME = "LV-Template";
				USE_HEADERMAP = NO;
				VALID_ARCHS = "i386 x86_64 arm64 arm64e";
				WRAPPER_EXTENSION = component;
			};
			name = Release;
		};
		9765F9804124F1B2D81B99C7 /* Debug */ = {
			isa = XCBuildConfiguration;
			buildSettings = {
				CLANG_CXX_LANGUAGE_STANDARD = "c++14";
				CLANG_CXX_LIBRARY = "libc++";
				CLANG_LINK_OBJC_RUNTIME = NO;
				CODE_SIGN_IDENTITY = "";
				COMBINE_HIDPI_IMAGES = YES;
				CONFIGURATION_BUILD_DIR = "$(PROJECT_DIR)/build/$(CONFIGURATION)";
				COPY_PHASE_STRIP = NO;
				GCC_DYNAMIC_NO_PIC = NO;
				GCC_OPTIMIZATION_LEVEL = 0;
				GCC_PREPROCESSOR_DEFINITIONS = (
					"_DEBUG=1",
					"DEBUG=1",
					"JUCE_DISPLAY_SPLASH_SCREEN=0",
					"JUCE_USE_DARK_SPLASH_SCREEN=1",
					"JUCE_PROJUCER_VERSION=0x60102",
					"JUCE_MODULE_AVAILABLE_juce_audio_basics=1",
					"JUCE_MODULE_AVAILABLE_juce_audio_devices=1",
					"JUCE_MODULE_AVAILABLE_juce_audio_formats=1",
					"JUCE_MODULE_AVAILABLE_juce_audio_plugin_client=1",
					"JUCE_MODULE_AVAILABLE_juce_audio_processors=1",
					"JUCE_MODULE_AVAILABLE_juce_audio_utils=1",
					"JUCE_MODULE_AVAILABLE_juce_core=1",
					"JUCE_MODULE_AVAILABLE_juce_data_structures=1",
					"JUCE_MODULE_AVAILABLE_juce_dsp=1",
					"JUCE_MODULE_AVAILABLE_juce_events=1",
					"JUCE_MODULE_AVAILABLE_juce_graphics=1",
					"JUCE_MODULE_AVAILABLE_juce_gui_basics=1",
					"JUCE_MODULE_AVAILABLE_juce_gui_extra=1",
					"JUCE_GLOBAL_MODULE_SETTINGS_INCLUDED=1",
					"JUCE_VST3_CAN_REPLACE_VST2=0",
					"JUCE_STRICT_REFCOUNTEDPOINTER=1",
					"JucePlugin_Build_VST=0",
					"JucePlugin_Build_VST3=0",
					"JucePlugin_Build_AU=0",
					"JucePlugin_Build_AUv3=0",
					"JucePlugin_Build_RTAS=0",
					"JucePlugin_Build_AAX=0",
					"JucePlugin_Build_Standalone=1",
					"JucePlugin_Build_Unity=0",
					"JucePlugin_Enable_IAA=0",
					"JucePlugin_Name=\\\"LV-Template\\\"",
					"JucePlugin_Desc=\\\"LV-Template\\\"",
					"JucePlugin_Manufacturer=\\\"yourcompany\\\"",
					"JucePlugin_ManufacturerWebsite=\\\"\\\"",
					"JucePlugin_ManufacturerEmail=\\\"\\\"",
					"JucePlugin_ManufacturerCode=0x4d616e75",
					"JucePlugin_PluginCode=0x4f756771",
					"JucePlugin_IsSynth=0",
					"JucePlugin_WantsMidiInput=0",
					"JucePlugin_ProducesMidiOutput=0",
					"JucePlugin_IsMidiEffect=0",
					"JucePlugin_EditorRequiresKeyboardFocus=0",
					"JucePlugin_Version=1.0.0",
					"JucePlugin_VersionCode=0x10000",
					"JucePlugin_VersionString=\\\"1.0.0\\\"",
					"JucePlugin_VSTUniqueID=JucePlugin_PluginCode",
					"JucePlugin_VSTCategory=kPlugCategEffect",
					"JucePlugin_Vst3Category=\\\"Fx\\\"",
					"JucePlugin_AUMainType='aufx'",
					"JucePlugin_AUSubType=JucePlugin_PluginCode",
					"JucePlugin_AUExportPrefix=LVTemplateAU",
					"JucePlugin_AUExportPrefixQuoted=\\\"LVTemplateAU\\\"",
					"JucePlugin_AUManufacturerCode=JucePlugin_ManufacturerCode",
					"JucePlugin_CFBundleIdentifier=com.yourcompany.LVTemplate",
					"JucePlugin_RTASCategory=0",
					"JucePlugin_RTASManufacturerCode=JucePlugin_ManufacturerCode",
					"JucePlugin_RTASProductId=JucePlugin_PluginCode",
					"JucePlugin_RTASDisableBypass=0",
					"JucePlugin_RTASDisableMultiMono=0",
					"JucePlugin_AAXIdentifier=com.yourcompany.LVTemplate",
					"JucePlugin_AAXManufacturerCode=JucePlugin_ManufacturerCode",
					"JucePlugin_AAXProductId=JucePlugin_PluginCode",
					"JucePlugin_AAXCategory=0",
					"JucePlugin_AAXDisableBypass=0",
					"JucePlugin_AAXDisableMultiMono=0",
					"JucePlugin_IAAType=0x61757278",
					"JucePlugin_IAASubType=JucePlugin_PluginCode",
					"JucePlugin_IAAName=\\\"yourcompany:\\ LV-Template\\\"",
					"JucePlugin_VSTNumMidiInputs=16",
					"JucePlugin_VSTNumMidiOutputs=16",
					"JUCE_STANDALONE_APPLICATION=JucePlugin_Build_Standalone",
					"JUCER_XCODE_MAC_F6D2F4CF=1",
					"JUCE_APP_VERSION=1.0.0",
					"JUCE_APP_VERSION_HEX=0x10000",
				);
				GCC_VERSION = com.apple.compilers.llvm.clang.1_0;
				HEADER_SEARCH_PATHS = (
					"/Users/land00m/Documents/GitHub/JUCE/modules/juce_audio_processors/format_types/VST3_SDK",
					"$(SRCROOT)/../../JuceLibraryCode",
					"/Users/land00m/Documents/GitHub/JUCE/modules",
					"/Users/land00m/Documents/GitHub/JUCE/modules/juce_audio_plugin_client",
					"$(inherited)",
				);
				INFOPLIST_FILE = Info-Standalone_Plugin.plist;
				INFOPLIST_PREPROCESS = NO;
				MACOSX_DEPLOYMENT_TARGET = 10.11;
				MTL_HEADER_SEARCH_PATHS = "/Users/land00m/Documents/GitHub/JUCE/modules/juce_audio_processors/format_types/VST3_SDK $(SRCROOT)/../../JuceLibraryCode /Users/land00m/Documents/GitHub/JUCE/modules /Users/land00m/Documents/GitHub/JUCE/modules/juce_audio_plugin_client";
				OTHER_LDFLAGS = "-lLV-Template";
				PRODUCT_BUNDLE_IDENTIFIER = com.yourcompany.LVTemplate;
				PRODUCT_NAME = "LV-Template";
				USE_HEADERMAP = NO;
				VALID_ARCHS = "i386 x86_64 arm64 arm64e";
			};
			name = Debug;
		};
		A7BF556B49CEBD8D83B8A1C0 /* Release */ = {
			isa = XCBuildConfiguration;
			buildSettings = {
				CLANG_CXX_LANGUAGE_STANDARD = "c++14";
				CLANG_CXX_LIBRARY = "libc++";
				CLANG_LINK_OBJC_RUNTIME = NO;
				CODE_SIGN_IDENTITY = "";
				COMBINE_HIDPI_IMAGES = YES;
				CONFIGURATION_BUILD_DIR = "$(PROJECT_DIR)/build/$(CONFIGURATION)";
				DEAD_CODE_STRIPPING = YES;
				DEPLOYMENT_LOCATION = YES;
				DSTROOT = /;
				GCC_GENERATE_DEBUGGING_SYMBOLS = NO;
				GCC_OPTIMIZATION_LEVEL = 3;
				GCC_PREPROCESSOR_DEFINITIONS = (
					"_NDEBUG=1",
					"NDEBUG=1",
					"JUCE_DISPLAY_SPLASH_SCREEN=0",
					"JUCE_USE_DARK_SPLASH_SCREEN=1",
					"JUCE_PROJUCER_VERSION=0x60102",
					"JUCE_MODULE_AVAILABLE_juce_audio_basics=1",
					"JUCE_MODULE_AVAILABLE_juce_audio_devices=1",
					"JUCE_MODULE_AVAILABLE_juce_audio_formats=1",
					"JUCE_MODULE_AVAILABLE_juce_audio_plugin_client=1",
					"JUCE_MODULE_AVAILABLE_juce_audio_processors=1",
					"JUCE_MODULE_AVAILABLE_juce_audio_utils=1",
					"JUCE_MODULE_AVAILABLE_juce_core=1",
					"JUCE_MODULE_AVAILABLE_juce_data_structures=1",
					"JUCE_MODULE_AVAILABLE_juce_dsp=1",
					"JUCE_MODULE_AVAILABLE_juce_events=1",
					"JUCE_MODULE_AVAILABLE_juce_graphics=1",
					"JUCE_MODULE_AVAILABLE_juce_gui_basics=1",
					"JUCE_MODULE_AVAILABLE_juce_gui_extra=1",
					"JUCE_GLOBAL_MODULE_SETTINGS_INCLUDED=1",
					"JUCE_VST3_CAN_REPLACE_VST2=0",
					"JUCE_STRICT_REFCOUNTEDPOINTER=1",
					"JucePlugin_Build_VST=0",
					"JucePlugin_Build_VST3=1",
					"JucePlugin_Build_AU=0",
					"JucePlugin_Build_AUv3=0",
					"JucePlugin_Build_RTAS=0",
					"JucePlugin_Build_AAX=0",
					"JucePlugin_Build_Standalone=0",
					"JucePlugin_Build_Unity=0",
					"JucePlugin_Enable_IAA=0",
					"JucePlugin_Name=\\\"LV-Template\\\"",
					"JucePlugin_Desc=\\\"LV-Template\\\"",
					"JucePlugin_Manufacturer=\\\"yourcompany\\\"",
					"JucePlugin_ManufacturerWebsite=\\\"\\\"",
					"JucePlugin_ManufacturerEmail=\\\"\\\"",
					"JucePlugin_ManufacturerCode=0x4d616e75",
					"JucePlugin_PluginCode=0x4f756771",
					"JucePlugin_IsSynth=0",
					"JucePlugin_WantsMidiInput=0",
					"JucePlugin_ProducesMidiOutput=0",
					"JucePlugin_IsMidiEffect=0",
					"JucePlugin_EditorRequiresKeyboardFocus=0",
					"JucePlugin_Version=1.0.0",
					"JucePlugin_VersionCode=0x10000",
					"JucePlugin_VersionString=\\\"1.0.0\\\"",
					"JucePlugin_VSTUniqueID=JucePlugin_PluginCode",
					"JucePlugin_VSTCategory=kPlugCategEffect",
					"JucePlugin_Vst3Category=\\\"Fx\\\"",
					"JucePlugin_AUMainType='aufx'",
					"JucePlugin_AUSubType=JucePlugin_PluginCode",
					"JucePlugin_AUExportPrefix=LVTemplateAU",
					"JucePlugin_AUExportPrefixQuoted=\\\"LVTemplateAU\\\"",
					"JucePlugin_AUManufacturerCode=JucePlugin_ManufacturerCode",
					"JucePlugin_CFBundleIdentifier=com.yourcompany.LVTemplate",
					"JucePlugin_RTASCategory=0",
					"JucePlugin_RTASManufacturerCode=JucePlugin_ManufacturerCode",
					"JucePlugin_RTASProductId=JucePlugin_PluginCode",
					"JucePlugin_RTASDisableBypass=0",
					"JucePlugin_RTASDisableMultiMono=0",
					"JucePlugin_AAXIdentifier=com.yourcompany.LVTemplate",
					"JucePlugin_AAXManufacturerCode=JucePlugin_ManufacturerCode",
					"JucePlugin_AAXProductId=JucePlugin_PluginCode",
					"JucePlugin_AAXCategory=0",
					"JucePlugin_AAXDisableBypass=0",
					"JucePlugin_AAXDisableMultiMono=0",
					"JucePlugin_IAAType=0x61757278",
					"JucePlugin_IAASubType=JucePlugin_PluginCode",
					"JucePlugin_IAAName=\\\"yourcompany:\\ LV-Template\\\"",
					"JucePlugin_VSTNumMidiInputs=16",
					"JucePlugin_VSTNumMidiOutputs=16",
					"JUCE_STANDALONE_APPLICATION=JucePlugin_Build_Standalone",
					"JUCER_XCODE_MAC_F6D2F4CF=1",
					"JUCE_APP_VERSION=1.0.0",
					"JUCE_APP_VERSION_HEX=0x10000",
				);
				GCC_VERSION = com.apple.compilers.llvm.clang.1_0;
				GENERATE_PKGINFO_FILE = YES;
				HEADER_SEARCH_PATHS = (
					"/Users/land00m/Documents/GitHub/JUCE/modules/juce_audio_processors/format_types/VST3_SDK",
					"$(SRCROOT)/../../JuceLibraryCode",
					"/Users/land00m/Documents/GitHub/JUCE/modules",
					"/Users/land00m/Documents/GitHub/JUCE/modules/juce_audio_plugin_client",
					"$(inherited)",
				);
				INFOPLIST_FILE = Info-VST3.plist;
				INFOPLIST_PREPROCESS = NO;
				INSTALL_PATH = "$(HOME)/Library/Audio/Plug-Ins/VST3/";
				LIBRARY_STYLE = Bundle;
				LLVM_LTO = YES;
				MACOSX_DEPLOYMENT_TARGET = 10.11;
				MTL_HEADER_SEARCH_PATHS = "/Users/land00m/Documents/GitHub/JUCE/modules/juce_audio_processors/format_types/VST3_SDK $(SRCROOT)/../../JuceLibraryCode /Users/land00m/Documents/GitHub/JUCE/modules /Users/land00m/Documents/GitHub/JUCE/modules/juce_audio_plugin_client";
				OTHER_LDFLAGS = "-bundle -lLV-Template";
				PRODUCT_BUNDLE_IDENTIFIER = com.yourcompany.LVTemplate;
				PRODUCT_NAME = "LV-Template";
				USE_HEADERMAP = NO;
				VALID_ARCHS = "i386 x86_64 arm64 arm64e";
				WRAPPER_EXTENSION = vst3;
			};
			name = Release;
		};
		CC05A8CE4FD7CB154705C95D /* Release */ = {
			isa = XCBuildConfiguration;
			buildSettings = {
				ALWAYS_SEARCH_USER_PATHS = NO;
				CLANG_ENABLE_OBJC_WEAK = YES;
				CLANG_WARN_BLOCK_CAPTURE_AUTORELEASING = YES;
				CLANG_WARN_BOOL_CONVERSION = YES;
				CLANG_WARN_COMMA = YES;
				CLANG_WARN_CONSTANT_CONVERSION = YES;
				CLANG_WARN_DEPRECATED_OBJC_IMPLEMENTATIONS = YES;
				CLANG_WARN_EMPTY_BODY = YES;
				CLANG_WARN_ENUM_CONVERSION = YES;
				CLANG_WARN_INFINITE_RECURSION = YES;
				CLANG_WARN_INT_CONVERSION = YES;
				CLANG_WARN_NON_LITERAL_NULL_CONVERSION = YES;
				CLANG_WARN_OBJC_IMPLICIT_RETAIN_SELF = YES;
				CLANG_WARN_OBJC_LITERAL_CONVERSION = YES;
				CLANG_WARN_RANGE_LOOP_ANALYSIS = YES;
				CLANG_WARN_STRICT_PROTOTYPES = YES;
				CLANG_WARN_SUSPICIOUS_MOVE = YES;
				CLANG_WARN_UNREACHABLE_CODE = YES;
				CLANG_WARN__DUPLICATE_METHOD_MATCH = YES;
				CODE_SIGN_IDENTITY = "";
				DEBUG_INFORMATION_FORMAT = dwarf;
				ENABLE_STRICT_OBJC_MSGSEND = YES;
				ENABLE_TESTABILITY = NO;
				GCC_C_LANGUAGE_STANDARD = c11;
				GCC_INLINES_ARE_PRIVATE_EXTERN = YES;
				GCC_MODEL_TUNING = G5;
				GCC_NO_COMMON_BLOCKS = YES;
				GCC_SYMBOLS_PRIVATE_EXTERN = YES;
				GCC_WARN_64_TO_32_BIT_CONVERSION = YES;
				GCC_WARN_ABOUT_RETURN_TYPE = YES;
				GCC_WARN_CHECK_SWITCH_STATEMENTS = YES;
				GCC_WARN_MISSING_PARENTHESES = YES;
				GCC_WARN_NON_VIRTUAL_DESTRUCTOR = YES;
				GCC_WARN_TYPECHECK_CALLS_TO_PRINTF = YES;
				GCC_WARN_UNDECLARED_SELECTOR = YES;
				GCC_WARN_UNINITIALIZED_AUTOS = YES;
				GCC_WARN_UNUSED_FUNCTION = YES;
				GCC_WARN_UNUSED_VARIABLE = YES;
				PRODUCT_NAME = "LV-Template";
				SDKROOT = macosx;
				WARNING_CFLAGS = "-Wreorder";
				ZERO_LINK = NO;
			};
			name = Release;
		};
		CF693CB1C3F0B47F4E4B9554 /* Release */ = {
			isa = XCBuildConfiguration;
			buildSettings = {
				CLANG_CXX_LANGUAGE_STANDARD = "c++14";
				CLANG_CXX_LIBRARY = "libc++";
				CLANG_LINK_OBJC_RUNTIME = NO;
				CODE_SIGN_IDENTITY = "";
				COMBINE_HIDPI_IMAGES = YES;
				CONFIGURATION_BUILD_DIR = "$(PROJECT_DIR)/build/$(CONFIGURATION)";
				DEAD_CODE_STRIPPING = YES;
				GCC_GENERATE_DEBUGGING_SYMBOLS = NO;
				GCC_OPTIMIZATION_LEVEL = 3;
				GCC_PREPROCESSOR_DEFINITIONS = (
					"_NDEBUG=1",
					"NDEBUG=1",
					"JUCE_DISPLAY_SPLASH_SCREEN=0",
					"JUCE_USE_DARK_SPLASH_SCREEN=1",
					"JUCE_PROJUCER_VERSION=0x60102",
					"JUCE_MODULE_AVAILABLE_juce_audio_basics=1",
					"JUCE_MODULE_AVAILABLE_juce_audio_devices=1",
					"JUCE_MODULE_AVAILABLE_juce_audio_formats=1",
					"JUCE_MODULE_AVAILABLE_juce_audio_plugin_client=1",
					"JUCE_MODULE_AVAILABLE_juce_audio_processors=1",
					"JUCE_MODULE_AVAILABLE_juce_audio_utils=1",
					"JUCE_MODULE_AVAILABLE_juce_core=1",
					"JUCE_MODULE_AVAILABLE_juce_data_structures=1",
					"JUCE_MODULE_AVAILABLE_juce_dsp=1",
					"JUCE_MODULE_AVAILABLE_juce_events=1",
					"JUCE_MODULE_AVAILABLE_juce_graphics=1",
					"JUCE_MODULE_AVAILABLE_juce_gui_basics=1",
					"JUCE_MODULE_AVAILABLE_juce_gui_extra=1",
					"JUCE_GLOBAL_MODULE_SETTINGS_INCLUDED=1",
					"JUCE_VST3_CAN_REPLACE_VST2=0",
					"JUCE_STRICT_REFCOUNTEDPOINTER=1",
					"JucePlugin_Build_VST=0",
					"JucePlugin_Build_VST3=1",
					"JucePlugin_Build_AU=1",
					"JucePlugin_Build_AUv3=0",
					"JucePlugin_Build_RTAS=0",
					"JucePlugin_Build_AAX=0",
					"JucePlugin_Build_Standalone=1",
					"JucePlugin_Build_Unity=0",
					"JucePlugin_Enable_IAA=0",
					"JucePlugin_Name=\\\"LV-Template\\\"",
					"JucePlugin_Desc=\\\"LV-Template\\\"",
					"JucePlugin_Manufacturer=\\\"yourcompany\\\"",
					"JucePlugin_ManufacturerWebsite=\\\"\\\"",
					"JucePlugin_ManufacturerEmail=\\\"\\\"",
					"JucePlugin_ManufacturerCode=0x4d616e75",
					"JucePlugin_PluginCode=0x4f756771",
					"JucePlugin_IsSynth=0",
					"JucePlugin_WantsMidiInput=0",
					"JucePlugin_ProducesMidiOutput=0",
					"JucePlugin_IsMidiEffect=0",
					"JucePlugin_EditorRequiresKeyboardFocus=0",
					"JucePlugin_Version=1.0.0",
					"JucePlugin_VersionCode=0x10000",
					"JucePlugin_VersionString=\\\"1.0.0\\\"",
					"JucePlugin_VSTUniqueID=JucePlugin_PluginCode",
					"JucePlugin_VSTCategory=kPlugCategEffect",
					"JucePlugin_Vst3Category=\\\"Fx\\\"",
					"JucePlugin_AUMainType='aufx'",
					"JucePlugin_AUSubType=JucePlugin_PluginCode",
					"JucePlugin_AUExportPrefix=LVTemplateAU",
					"JucePlugin_AUExportPrefixQuoted=\\\"LVTemplateAU\\\"",
					"JucePlugin_AUManufacturerCode=JucePlugin_ManufacturerCode",
					"JucePlugin_CFBundleIdentifier=com.yourcompany.LVTemplate",
					"JucePlugin_RTASCategory=0",
					"JucePlugin_RTASManufacturerCode=JucePlugin_ManufacturerCode",
					"JucePlugin_RTASProductId=JucePlugin_PluginCode",
					"JucePlugin_RTASDisableBypass=0",
					"JucePlugin_RTASDisableMultiMono=0",
					"JucePlugin_AAXIdentifier=com.yourcompany.LVTemplate",
					"JucePlugin_AAXManufacturerCode=JucePlugin_ManufacturerCode",
					"JucePlugin_AAXProductId=JucePlugin_PluginCode",
					"JucePlugin_AAXCategory=0",
					"JucePlugin_AAXDisableBypass=0",
					"JucePlugin_AAXDisableMultiMono=0",
					"JucePlugin_IAAType=0x61757278",
					"JucePlugin_IAASubType=JucePlugin_PluginCode",
					"JucePlugin_IAAName=\\\"yourcompany:\\ LV-Template\\\"",
					"JucePlugin_VSTNumMidiInputs=16",
					"JucePlugin_VSTNumMidiOutputs=16",
					"JUCE_STANDALONE_APPLICATION=JucePlugin_Build_Standalone",
					"JUCER_XCODE_MAC_F6D2F4CF=1",
					"JUCE_APP_VERSION=1.0.0",
					"JUCE_APP_VERSION_HEX=0x10000",
					"JUCE_SHARED_CODE=1",
				);
				GCC_VERSION = com.apple.compilers.llvm.clang.1_0;
				HEADER_SEARCH_PATHS = (
					"/Users/land00m/Documents/GitHub/JUCE/modules/juce_audio_processors/format_types/VST3_SDK",
					"$(SRCROOT)/../../JuceLibraryCode",
					"/Users/land00m/Documents/GitHub/JUCE/modules",
					"/Users/land00m/Documents/GitHub/JUCE/modules/juce_audio_plugin_client",
					"$(inherited)",
				);
				INSTALL_PATH = "@executable_path/../Frameworks";
				LLVM_LTO = YES;
				MACOSX_DEPLOYMENT_TARGET = 10.11;
				MTL_HEADER_SEARCH_PATHS = "/Users/land00m/Documents/GitHub/JUCE/modules/juce_audio_processors/format_types/VST3_SDK $(SRCROOT)/../../JuceLibraryCode /Users/land00m/Documents/GitHub/JUCE/modules /Users/land00m/Documents/GitHub/JUCE/modules/juce_audio_plugin_client";
				PRODUCT_BUNDLE_IDENTIFIER = com.yourcompany.LVTemplate;
				PRODUCT_NAME = "LV-Template";
				SKIP_INSTALL = YES;
				USE_HEADERMAP = NO;
				VALID_ARCHS = "i386 x86_64 arm64 arm64e";
			};
			name = Release;
		};
/* End XCBuildConfiguration section */

/* Begin XCConfigurationList section */
		38996CB11D0056B10B670C54 = {
			isa = XCConfigurationList;
			buildConfigurations = (
				9765F9804124F1B2D81B99C7,
				725858D0C5647496EAAFDBC9,
			);
			defaultConfigurationIsVisible = 0;
			defaultConfigurationName = Debug;
		};
		6382AA68C58390A0D414959B = {
			isa = XCConfigurationList;
			buildConfigurations = (
				8630ACE43297E7AD351D1DFE,
				A7BF556B49CEBD8D83B8A1C0,
			);
			defaultConfigurationIsVisible = 0;
			defaultConfigurationName = Debug;
		};
		8309CE923A78C8776B3007FC = {
			isa = XCConfigurationList;
			buildConfigurations = (
				74C26A0FD76F59F9ED729AF8,
				51B107BCB04F38624579933B,
			);
			defaultConfigurationIsVisible = 0;
			defaultConfigurationName = Debug;
		};
		855BF4BBBE3D01F30099DC58 = {
			isa = XCConfigurationList;
			buildConfigurations = (
				55D4CC8EF41E167731163951,
				CF693CB1C3F0B47F4E4B9554,
			);
			defaultConfigurationIsVisible = 0;
			defaultConfigurationName = Debug;
		};
		909713114007D87D225F240D = {
			isa = XCConfigurationList;
			buildConfigurations = (
				10065F90E75E7190BE2CAD6D,
				CC05A8CE4FD7CB154705C95D,
			);
			defaultConfigurationIsVisible = 0;
			defaultConfigurationName = Debug;
		};
		B6505617773EFD1B9AFF29B2 = {
			isa = XCConfigurationList;
			buildConfigurations = (
				37FB3A9F2B47381CBD93AA4E,
				8F29A8FD7EDC87BEFB770616,
			);
			defaultConfigurationIsVisible = 0;
			defaultConfigurationName = Debug;
		};
/* End XCConfigurationList section */
	};
	rootObject = E4B1C3F0DB56CFBD96C62EDC /* Project object */;
}
